// !$*UTF8*$!
{
	archiveVersion = 1;
	classes = {
	};
	objectVersion = 52;
	objects = {

/* Begin PBXBuildFile section */
		0A32122E26FF63440018AECF /* constants.swift in Sources */ = {isa = PBXBuildFile; fileRef = 0A32122D26FF63440018AECF /* constants.swift */; };
		0A6D866F26CF7DF00070231F /* Alamofire in Frameworks */ = {isa = PBXBuildFile; productRef = 0A6D866E26CF7DF00070231F /* Alamofire */; };
		0A7D0E8A26B2B0780029068C /* ProfileView.swift in Sources */ = {isa = PBXBuildFile; fileRef = 0A7D0E8926B2B0780029068C /* ProfileView.swift */; };
		0A7D0E9026B2B9020029068C /* LoginViewModel.swift in Sources */ = {isa = PBXBuildFile; fileRef = 0A7D0E8F26B2B9020029068C /* LoginViewModel.swift */; };
		0A8A069826E3C82100F8D44A /* PodcastService.swift in Sources */ = {isa = PBXBuildFile; fileRef = 0A8A069726E3C82100F8D44A /* PodcastService.swift */; };
		0A8A069A26E3C83500F8D44A /* EpisodeService.swift in Sources */ = {isa = PBXBuildFile; fileRef = 0A8A069926E3C83500F8D44A /* EpisodeService.swift */; };
		0A8A069C26E3C84600F8D44A /* AuthService.swift in Sources */ = {isa = PBXBuildFile; fileRef = 0A8A069B26E3C84600F8D44A /* AuthService.swift */; };
		0AAFBD292681B0A5007E3063 /* TabBarView.swift in Sources */ = {isa = PBXBuildFile; fileRef = 0AAFBD282681B0A5007E3063 /* TabBarView.swift */; };
		0AAFBD2B2681B5A1007E3063 /* PodcastListView.swift in Sources */ = {isa = PBXBuildFile; fileRef = 0AAFBD2A2681B5A1007E3063 /* PodcastListView.swift */; };
		0AAFBD2D2681B672007E3063 /* HomeView.swift in Sources */ = {isa = PBXBuildFile; fileRef = 0AAFBD2C2681B672007E3063 /* HomeView.swift */; };
		0AAFBD2F2681B6CE007E3063 /* PlayListView.swift in Sources */ = {isa = PBXBuildFile; fileRef = 0AAFBD2E2681B6CE007E3063 /* PlayListView.swift */; };
		0AAFBD4B26C1A21F002C228E /* KeychainAccess in Frameworks */ = {isa = PBXBuildFile; productRef = 0AAFBD4A26C1A21F002C228E /* KeychainAccess */; };
		0AB10D122674B5A500EC4B51 /* podcastApp.swift in Sources */ = {isa = PBXBuildFile; fileRef = 0AB10D112674B5A500EC4B51 /* podcastApp.swift */; };
		0AB10D142674B5A500EC4B51 /* ContentView.swift in Sources */ = {isa = PBXBuildFile; fileRef = 0AB10D132674B5A500EC4B51 /* ContentView.swift */; };
		0AB10D162674B5A600EC4B51 /* Assets.xcassets in Resources */ = {isa = PBXBuildFile; fileRef = 0AB10D152674B5A600EC4B51 /* Assets.xcassets */; };
		0AB10D192674B5A600EC4B51 /* Preview Assets.xcassets in Resources */ = {isa = PBXBuildFile; fileRef = 0AB10D182674B5A600EC4B51 /* Preview Assets.xcassets */; };
		0AB2BF3F26A8405D00C2F1A3 /* Kingfisher in Frameworks */ = {isa = PBXBuildFile; productRef = 0AB2BF3E26A8405D00C2F1A3 /* Kingfisher */; };
		0AB609C326F5E45A00DAC94C /* UserDefaults+Extensions.swift in Sources */ = {isa = PBXBuildFile; fileRef = 0AB609C226F5E45A00DAC94C /* UserDefaults+Extensions.swift */; };
		0ABD2A9626DBD76600A5DFC8 /* Interceptor.swift in Sources */ = {isa = PBXBuildFile; fileRef = 0ABD2A9526DBD76600A5DFC8 /* Interceptor.swift */; };
		0ABD2A9826DBD78A00A5DFC8 /* APIManager.swift in Sources */ = {isa = PBXBuildFile; fileRef = 0ABD2A9726DBD78A00A5DFC8 /* APIManager.swift */; };
		0ACC59DC26F9AFB20034D8B9 /* PodcastDetailsView.swift in Sources */ = {isa = PBXBuildFile; fileRef = 0ACC59DB26F9AFB20034D8B9 /* PodcastDetailsView.swift */; };
		0ACE2AEC274A728300F05E5F /* ShareViewController.swift in Sources */ = {isa = PBXBuildFile; fileRef = 0ACE2AEB274A728300F05E5F /* ShareViewController.swift */; };
		0ACE2AEF274A728300F05E5F /* MainInterface.storyboard in Resources */ = {isa = PBXBuildFile; fileRef = 0ACE2AED274A728300F05E5F /* MainInterface.storyboard */; };
		0ACE2AF3274A728300F05E5F /* ShareToEpisode.appex in Embed App Extensions */ = {isa = PBXBuildFile; fileRef = 0ACE2AE9274A728300F05E5F /* ShareToEpisode.appex */; settings = {ATTRIBUTES = (RemoveHeadersOnCopy, ); }; };
		0AD415A426B44B69003AA857 /* PodcastViewModel.swift in Sources */ = {isa = PBXBuildFile; fileRef = 0AD415A326B44B69003AA857 /* PodcastViewModel.swift */; };
		0AF5009C26F7981D00F8A71C /* LoginView.swift in Sources */ = {isa = PBXBuildFile; fileRef = 0AF5009B26F7981D00F8A71C /* LoginView.swift */; };
/* End PBXBuildFile section */

/* Begin PBXContainerItemProxy section */
		0ACE2AF1274A728300F05E5F /* PBXContainerItemProxy */ = {
			isa = PBXContainerItemProxy;
			containerPortal = 0AB10D062674B5A500EC4B51 /* Project object */;
			proxyType = 1;
			remoteGlobalIDString = 0ACE2AE8274A728300F05E5F;
			remoteInfo = ShareToEpisode;
		};
/* End PBXContainerItemProxy section */

/* Begin PBXCopyFilesBuildPhase section */
		0A6AB1202727CB5D0084310F /* Embed App Extensions */ = {
			isa = PBXCopyFilesBuildPhase;
			buildActionMask = 2147483647;
			dstPath = "";
			dstSubfolderSpec = 13;
			files = (
				0ACE2AF3274A728300F05E5F /* ShareToEpisode.appex in Embed App Extensions */,
			);
			name = "Embed App Extensions";
			runOnlyForDeploymentPostprocessing = 0;
		};
/* End PBXCopyFilesBuildPhase section */

/* Begin PBXFileReference section */
		0A32122D26FF63440018AECF /* constants.swift */ = {isa = PBXFileReference; lastKnownFileType = sourcecode.swift; path = constants.swift; sourceTree = "<group>"; };
		0A6AB1172727CB5D0084310F /* ShareViewController.swift */ = {isa = PBXFileReference; lastKnownFileType = sourcecode.swift; path = ShareViewController.swift; sourceTree = "<group>"; };
		0A6AB11A2727CB5D0084310F /* Base */ = {isa = PBXFileReference; lastKnownFileType = file.storyboard; name = Base; path = Base.lproj/MainInterface.storyboard; sourceTree = "<group>"; };
		0A6AB11C2727CB5D0084310F /* Info.plist */ = {isa = PBXFileReference; lastKnownFileType = text.plist.xml; path = Info.plist; sourceTree = "<group>"; };
		0A7D0E8926B2B0780029068C /* ProfileView.swift */ = {isa = PBXFileReference; lastKnownFileType = sourcecode.swift; name = ProfileView.swift; path = podcast/ProfileView.swift; sourceTree = SOURCE_ROOT; };
		0A7D0E8F26B2B9020029068C /* LoginViewModel.swift */ = {isa = PBXFileReference; lastKnownFileType = sourcecode.swift; path = LoginViewModel.swift; sourceTree = "<group>"; };
		0A8A069726E3C82100F8D44A /* PodcastService.swift */ = {isa = PBXFileReference; lastKnownFileType = sourcecode.swift; path = PodcastService.swift; sourceTree = "<group>"; };
		0A8A069926E3C83500F8D44A /* EpisodeService.swift */ = {isa = PBXFileReference; lastKnownFileType = sourcecode.swift; path = EpisodeService.swift; sourceTree = "<group>"; };
		0A8A069B26E3C84600F8D44A /* AuthService.swift */ = {isa = PBXFileReference; lastKnownFileType = sourcecode.swift; path = AuthService.swift; sourceTree = "<group>"; };
		0AA32488272A84990095C8A0 /* podcast.entitlements */ = {isa = PBXFileReference; lastKnownFileType = text.plist.entitlements; path = podcast.entitlements; sourceTree = "<group>"; };
		0AAFBD282681B0A5007E3063 /* TabBarView.swift */ = {isa = PBXFileReference; lastKnownFileType = sourcecode.swift; path = TabBarView.swift; sourceTree = "<group>"; };
		0AAFBD2A2681B5A1007E3063 /* PodcastListView.swift */ = {isa = PBXFileReference; lastKnownFileType = sourcecode.swift; path = PodcastListView.swift; sourceTree = "<group>"; };
		0AAFBD2C2681B672007E3063 /* HomeView.swift */ = {isa = PBXFileReference; lastKnownFileType = sourcecode.swift; path = HomeView.swift; sourceTree = "<group>"; };
		0AAFBD2E2681B6CE007E3063 /* PlayListView.swift */ = {isa = PBXFileReference; lastKnownFileType = sourcecode.swift; path = PlayListView.swift; sourceTree = "<group>"; };
		0AB10D0E2674B5A500EC4B51 /* podcast.app */ = {isa = PBXFileReference; explicitFileType = wrapper.application; includeInIndex = 0; path = podcast.app; sourceTree = BUILT_PRODUCTS_DIR; };
		0AB10D112674B5A500EC4B51 /* podcastApp.swift */ = {isa = PBXFileReference; lastKnownFileType = sourcecode.swift; path = podcastApp.swift; sourceTree = "<group>"; };
		0AB10D132674B5A500EC4B51 /* ContentView.swift */ = {isa = PBXFileReference; lastKnownFileType = sourcecode.swift; path = ContentView.swift; sourceTree = "<group>"; };
		0AB10D152674B5A600EC4B51 /* Assets.xcassets */ = {isa = PBXFileReference; lastKnownFileType = folder.assetcatalog; path = Assets.xcassets; sourceTree = "<group>"; };
		0AB10D182674B5A600EC4B51 /* Preview Assets.xcassets */ = {isa = PBXFileReference; lastKnownFileType = folder.assetcatalog; path = "Preview Assets.xcassets"; sourceTree = "<group>"; };
		0AB10D1A2674B5A600EC4B51 /* Info.plist */ = {isa = PBXFileReference; lastKnownFileType = text.plist.xml; path = Info.plist; sourceTree = "<group>"; };
		0AB10D232674B5A600EC4B51 /* podcastTests.swift */ = {isa = PBXFileReference; lastKnownFileType = sourcecode.swift; path = podcastTests.swift; sourceTree = "<group>"; };
		0AB10D252674B5A600EC4B51 /* Info.plist */ = {isa = PBXFileReference; lastKnownFileType = text.plist.xml; path = Info.plist; sourceTree = "<group>"; };
		0AB10D2E2674B5A600EC4B51 /* podcastUITests.swift */ = {isa = PBXFileReference; lastKnownFileType = sourcecode.swift; path = podcastUITests.swift; sourceTree = "<group>"; };
		0AB10D302674B5A600EC4B51 /* Info.plist */ = {isa = PBXFileReference; lastKnownFileType = text.plist.xml; path = Info.plist; sourceTree = "<group>"; };
		0AB609C226F5E45A00DAC94C /* UserDefaults+Extensions.swift */ = {isa = PBXFileReference; lastKnownFileType = sourcecode.swift; path = "UserDefaults+Extensions.swift"; sourceTree = "<group>"; };
		0ABD2A9526DBD76600A5DFC8 /* Interceptor.swift */ = {isa = PBXFileReference; lastKnownFileType = sourcecode.swift; path = Interceptor.swift; sourceTree = "<group>"; };
		0ABD2A9726DBD78A00A5DFC8 /* APIManager.swift */ = {isa = PBXFileReference; lastKnownFileType = sourcecode.swift; path = APIManager.swift; sourceTree = "<group>"; };
		0ACC59DB26F9AFB20034D8B9 /* PodcastDetailsView.swift */ = {isa = PBXFileReference; lastKnownFileType = sourcecode.swift; path = PodcastDetailsView.swift; sourceTree = "<group>"; };
		0ACE2AE9274A728300F05E5F /* ShareToEpisode.appex */ = {isa = PBXFileReference; explicitFileType = "wrapper.app-extension"; includeInIndex = 0; path = ShareToEpisode.appex; sourceTree = BUILT_PRODUCTS_DIR; };
		0ACE2AEB274A728300F05E5F /* ShareViewController.swift */ = {isa = PBXFileReference; lastKnownFileType = sourcecode.swift; path = ShareViewController.swift; sourceTree = "<group>"; };
		0ACE2AEE274A728300F05E5F /* Base */ = {isa = PBXFileReference; lastKnownFileType = file.storyboard; name = Base; path = Base.lproj/MainInterface.storyboard; sourceTree = "<group>"; };
		0ACE2AF0274A728300F05E5F /* Info.plist */ = {isa = PBXFileReference; lastKnownFileType = text.plist.xml; path = Info.plist; sourceTree = "<group>"; };
		0AD415A326B44B69003AA857 /* PodcastViewModel.swift */ = {isa = PBXFileReference; lastKnownFileType = sourcecode.swift; path = PodcastViewModel.swift; sourceTree = "<group>"; };
		0AF4CE35274CD19200FF9344 /* ShareToEpisode.entitlements */ = {isa = PBXFileReference; lastKnownFileType = text.plist.entitlements; path = ShareToEpisode.entitlements; sourceTree = "<group>"; };
		0AF5009B26F7981D00F8A71C /* LoginView.swift */ = {isa = PBXFileReference; lastKnownFileType = sourcecode.swift; path = LoginView.swift; sourceTree = "<group>"; };
/* End PBXFileReference section */

/* Begin PBXFrameworksBuildPhase section */
		0AB10D0B2674B5A500EC4B51 /* Frameworks */ = {
			isa = PBXFrameworksBuildPhase;
			buildActionMask = 2147483647;
			files = (
				0A6D866F26CF7DF00070231F /* Alamofire in Frameworks */,
				0AAFBD4B26C1A21F002C228E /* KeychainAccess in Frameworks */,
				0AB2BF3F26A8405D00C2F1A3 /* Kingfisher in Frameworks */,
			);
			runOnlyForDeploymentPostprocessing = 0;
		};
		0ACE2AE6274A728300F05E5F /* Frameworks */ = {
			isa = PBXFrameworksBuildPhase;
			buildActionMask = 2147483647;
			files = (
			);
			runOnlyForDeploymentPostprocessing = 0;
		};
/* End PBXFrameworksBuildPhase section */

/* Begin PBXGroup section */
		0A6AB1162727CB5D0084310F /* Podcast */ = {
			isa = PBXGroup;
			children = (
				0A6AB1172727CB5D0084310F /* ShareViewController.swift */,
				0A6AB1192727CB5D0084310F /* MainInterface.storyboard */,
				0A6AB11C2727CB5D0084310F /* Info.plist */,
			);
			path = Podcast;
			sourceTree = "<group>";
		};
		0A7D0E8826B2ACFA0029068C /* Views */ = {
			isa = PBXGroup;
			children = (
				0A7D0E8926B2B0780029068C /* ProfileView.swift */,
				0AAFBD2C2681B672007E3063 /* HomeView.swift */,
				0AAFBD2E2681B6CE007E3063 /* PlayListView.swift */,
				0AF5009B26F7981D00F8A71C /* LoginView.swift */,
				0AAFBD2A2681B5A1007E3063 /* PodcastListView.swift */,
				0ACC59DB26F9AFB20034D8B9 /* PodcastDetailsView.swift */,
			);
			path = Views;
			sourceTree = "<group>";
		};
		0A7D0E8B26B2B19C0029068C /* Services */ = {
			isa = PBXGroup;
			children = (
				0A8A069B26E3C84600F8D44A /* AuthService.swift */,
				0A8A069726E3C82100F8D44A /* PodcastService.swift */,
				0A8A069926E3C83500F8D44A /* EpisodeService.swift */,
			);
			path = Services;
			sourceTree = "<group>";
		};
		0A7D0E8E26B2B8DD0029068C /* ViewModels */ = {
			isa = PBXGroup;
			children = (
				0A7D0E8F26B2B9020029068C /* LoginViewModel.swift */,
				0AD415A326B44B69003AA857 /* PodcastViewModel.swift */,
			);
			path = ViewModels;
			sourceTree = "<group>";
		};
		0AB10D052674B5A500EC4B51 = {
			isa = PBXGroup;
			children = (
				0AB10D102674B5A500EC4B51 /* podcast */,
				0AB10D222674B5A600EC4B51 /* podcastTests */,
				0AB10D2D2674B5A600EC4B51 /* podcastUITests */,
				0A6AB1162727CB5D0084310F /* Podcast */,
				0ACE2AEA274A728300F05E5F /* ShareToEpisode */,
				0AB10D0F2674B5A500EC4B51 /* Products */,
			);
			sourceTree = "<group>";
		};
		0AB10D0F2674B5A500EC4B51 /* Products */ = {
			isa = PBXGroup;
			children = (
				0AB10D0E2674B5A500EC4B51 /* podcast.app */,
				0ACE2AE9274A728300F05E5F /* ShareToEpisode.appex */,
			);
			name = Products;
			sourceTree = "<group>";
		};
		0AB10D102674B5A500EC4B51 /* podcast */ = {
			isa = PBXGroup;
			children = (
				0AA32488272A84990095C8A0 /* podcast.entitlements */,
				0ABD2A9426DBD73F00A5DFC8 /* Network */,
				0A7D0E8826B2ACFA0029068C /* Views */,
				0A7D0E8B26B2B19C0029068C /* Services */,
				0A7D0E8E26B2B8DD0029068C /* ViewModels */,
				0AB10D112674B5A500EC4B51 /* podcastApp.swift */,
				0A32122D26FF63440018AECF /* constants.swift */,
				0AB10D132674B5A500EC4B51 /* ContentView.swift */,
				0AAFBD282681B0A5007E3063 /* TabBarView.swift */,
				0AB10D152674B5A600EC4B51 /* Assets.xcassets */,
				0AB10D1A2674B5A600EC4B51 /* Info.plist */,
				0AB10D172674B5A600EC4B51 /* Preview Content */,
			);
			path = podcast;
			sourceTree = "<group>";
		};
		0AB10D172674B5A600EC4B51 /* Preview Content */ = {
			isa = PBXGroup;
			children = (
				0AB10D182674B5A600EC4B51 /* Preview Assets.xcassets */,
			);
			path = "Preview Content";
			sourceTree = "<group>";
		};
		0AB10D222674B5A600EC4B51 /* podcastTests */ = {
			isa = PBXGroup;
			children = (
				0AB10D232674B5A600EC4B51 /* podcastTests.swift */,
				0AB10D252674B5A600EC4B51 /* Info.plist */,
			);
			path = podcastTests;
			sourceTree = "<group>";
		};
		0AB10D2D2674B5A600EC4B51 /* podcastUITests */ = {
			isa = PBXGroup;
			children = (
				0AB10D2E2674B5A600EC4B51 /* podcastUITests.swift */,
				0AB10D302674B5A600EC4B51 /* Info.plist */,
			);
			path = podcastUITests;
			sourceTree = "<group>";
		};
		0ABD2A9426DBD73F00A5DFC8 /* Network */ = {
			isa = PBXGroup;
			children = (
				0ABD2A9526DBD76600A5DFC8 /* Interceptor.swift */,
				0ABD2A9726DBD78A00A5DFC8 /* APIManager.swift */,
				0AB609C226F5E45A00DAC94C /* UserDefaults+Extensions.swift */,
			);
			path = Network;
			sourceTree = "<group>";
		};
		0ACE2AEA274A728300F05E5F /* ShareToEpisode */ = {
			isa = PBXGroup;
			children = (
				0AF4CE35274CD19200FF9344 /* ShareToEpisode.entitlements */,
				0ACE2AEB274A728300F05E5F /* ShareViewController.swift */,
				0ACE2AED274A728300F05E5F /* MainInterface.storyboard */,
				0ACE2AF0274A728300F05E5F /* Info.plist */,
			);
			path = ShareToEpisode;
			sourceTree = "<group>";
		};
/* End PBXGroup section */

/* Begin PBXNativeTarget section */
		0AB10D0D2674B5A500EC4B51 /* podcast */ = {
			isa = PBXNativeTarget;
			buildConfigurationList = 0AB10D332674B5A600EC4B51 /* Build configuration list for PBXNativeTarget "podcast" */;
			buildPhases = (
				0AB10D0A2674B5A500EC4B51 /* Sources */,
				0AB10D0B2674B5A500EC4B51 /* Frameworks */,
				0AB10D0C2674B5A500EC4B51 /* Resources */,
				0A6AB1202727CB5D0084310F /* Embed App Extensions */,
			);
			buildRules = (
			);
			dependencies = (
				0ACE2AF2274A728300F05E5F /* PBXTargetDependency */,
			);
			name = podcast;
			packageProductDependencies = (
				0AB2BF3E26A8405D00C2F1A3 /* Kingfisher */,
				0AAFBD4A26C1A21F002C228E /* KeychainAccess */,
				0A6D866E26CF7DF00070231F /* Alamofire */,
			);
			productName = podcast;
			productReference = 0AB10D0E2674B5A500EC4B51 /* podcast.app */;
			productType = "com.apple.product-type.application";
		};
		0ACE2AE8274A728300F05E5F /* ShareToEpisode */ = {
			isa = PBXNativeTarget;
			buildConfigurationList = 0ACE2AF4274A728300F05E5F /* Build configuration list for PBXNativeTarget "ShareToEpisode" */;
			buildPhases = (
				0ACE2AE5274A728300F05E5F /* Sources */,
				0ACE2AE6274A728300F05E5F /* Frameworks */,
				0ACE2AE7274A728300F05E5F /* Resources */,
			);
			buildRules = (
			);
			dependencies = (
			);
			name = ShareToEpisode;
			productName = ShareToEpisode;
			productReference = 0ACE2AE9274A728300F05E5F /* ShareToEpisode.appex */;
			productType = "com.apple.product-type.app-extension";
		};
/* End PBXNativeTarget section */

/* Begin PBXProject section */
		0AB10D062674B5A500EC4B51 /* Project object */ = {
			isa = PBXProject;
			attributes = {
				LastSwiftUpdateCheck = 1300;
				LastUpgradeCheck = 1250;
				TargetAttributes = {
					0AB10D0D2674B5A500EC4B51 = {
						CreatedOnToolsVersion = 12.5;
					};
					0ACE2AE8274A728300F05E5F = {
						CreatedOnToolsVersion = 13.0;
					};
				};
			};
			buildConfigurationList = 0AB10D092674B5A500EC4B51 /* Build configuration list for PBXProject "podcast" */;
			compatibilityVersion = "Xcode 9.3";
			developmentRegion = en;
			hasScannedForEncodings = 0;
			knownRegions = (
				en,
				Base,
			);
			mainGroup = 0AB10D052674B5A500EC4B51;
			packageReferences = (
				0AB2BF3D26A8405D00C2F1A3 /* XCRemoteSwiftPackageReference "Kingfisher" */,
				0AAFBD4926C1A21F002C228E /* XCRemoteSwiftPackageReference "KeychainAccess" */,
				0A6D866D26CF7DF00070231F /* XCRemoteSwiftPackageReference "Alamofire" */,
			);
			productRefGroup = 0AB10D0F2674B5A500EC4B51 /* Products */;
			projectDirPath = "";
			projectRoot = "";
			targets = (
				0AB10D0D2674B5A500EC4B51 /* podcast */,
				0ACE2AE8274A728300F05E5F /* ShareToEpisode */,
			);
		};
/* End PBXProject section */

/* Begin PBXResourcesBuildPhase section */
		0AB10D0C2674B5A500EC4B51 /* Resources */ = {
			isa = PBXResourcesBuildPhase;
			buildActionMask = 2147483647;
			files = (
				0AB10D192674B5A600EC4B51 /* Preview Assets.xcassets in Resources */,
				0AB10D162674B5A600EC4B51 /* Assets.xcassets in Resources */,
			);
			runOnlyForDeploymentPostprocessing = 0;
		};
		0ACE2AE7274A728300F05E5F /* Resources */ = {
			isa = PBXResourcesBuildPhase;
			buildActionMask = 2147483647;
			files = (
				0ACE2AEF274A728300F05E5F /* MainInterface.storyboard in Resources */,
			);
			runOnlyForDeploymentPostprocessing = 0;
		};
/* End PBXResourcesBuildPhase section */

/* Begin PBXSourcesBuildPhase section */
		0AB10D0A2674B5A500EC4B51 /* Sources */ = {
			isa = PBXSourcesBuildPhase;
			buildActionMask = 2147483647;
			files = (
				0AAFBD2F2681B6CE007E3063 /* PlayListView.swift in Sources */,
				0AB10D142674B5A500EC4B51 /* ContentView.swift in Sources */,
				0A8A069A26E3C83500F8D44A /* EpisodeService.swift in Sources */,
				0AAFBD2B2681B5A1007E3063 /* PodcastListView.swift in Sources */,
				0A8A069826E3C82100F8D44A /* PodcastService.swift in Sources */,
				0ACC59DC26F9AFB20034D8B9 /* PodcastDetailsView.swift in Sources */,
				0AAFBD292681B0A5007E3063 /* TabBarView.swift in Sources */,
				0AAFBD2D2681B672007E3063 /* HomeView.swift in Sources */,
				0ABD2A9626DBD76600A5DFC8 /* Interceptor.swift in Sources */,
				0A7D0E8A26B2B0780029068C /* ProfileView.swift in Sources */,
				0AD415A426B44B69003AA857 /* PodcastViewModel.swift in Sources */,
				0A32122E26FF63440018AECF /* constants.swift in Sources */,
				0ABD2A9826DBD78A00A5DFC8 /* APIManager.swift in Sources */,
				0A7D0E9026B2B9020029068C /* LoginViewModel.swift in Sources */,
				0AB10D122674B5A500EC4B51 /* podcastApp.swift in Sources */,
				0AB609C326F5E45A00DAC94C /* UserDefaults+Extensions.swift in Sources */,
				0AF5009C26F7981D00F8A71C /* LoginView.swift in Sources */,
				0A8A069C26E3C84600F8D44A /* AuthService.swift in Sources */,
			);
			runOnlyForDeploymentPostprocessing = 0;
		};
		0ACE2AE5274A728300F05E5F /* Sources */ = {
			isa = PBXSourcesBuildPhase;
			buildActionMask = 2147483647;
			files = (
				0ACE2AEC274A728300F05E5F /* ShareViewController.swift in Sources */,
			);
			runOnlyForDeploymentPostprocessing = 0;
		};
/* End PBXSourcesBuildPhase section */

/* Begin PBXTargetDependency section */
		0ACE2AF2274A728300F05E5F /* PBXTargetDependency */ = {
			isa = PBXTargetDependency;
			target = 0ACE2AE8274A728300F05E5F /* ShareToEpisode */;
			targetProxy = 0ACE2AF1274A728300F05E5F /* PBXContainerItemProxy */;
		};
/* End PBXTargetDependency section */

/* Begin PBXVariantGroup section */
		0A6AB1192727CB5D0084310F /* MainInterface.storyboard */ = {
			isa = PBXVariantGroup;
			children = (
				0A6AB11A2727CB5D0084310F /* Base */,
			);
			name = MainInterface.storyboard;
			sourceTree = "<group>";
		};
		0ACE2AED274A728300F05E5F /* MainInterface.storyboard */ = {
			isa = PBXVariantGroup;
			children = (
				0ACE2AEE274A728300F05E5F /* Base */,
			);
			name = MainInterface.storyboard;
			sourceTree = "<group>";
		};
/* End PBXVariantGroup section */

/* Begin XCBuildConfiguration section */
		0AB10D312674B5A600EC4B51 /* Debug */ = {
			isa = XCBuildConfiguration;
			buildSettings = {
				ALWAYS_SEARCH_USER_PATHS = NO;
				CLANG_ANALYZER_NONNULL = YES;
				CLANG_ANALYZER_NUMBER_OBJECT_CONVERSION = YES_AGGRESSIVE;
				CLANG_CXX_LANGUAGE_STANDARD = "gnu++14";
				CLANG_CXX_LIBRARY = "libc++";
				CLANG_ENABLE_MODULES = YES;
				CLANG_ENABLE_OBJC_ARC = YES;
				CLANG_ENABLE_OBJC_WEAK = YES;
				CLANG_WARN_BLOCK_CAPTURE_AUTORELEASING = YES;
				CLANG_WARN_BOOL_CONVERSION = YES;
				CLANG_WARN_COMMA = YES;
				CLANG_WARN_CONSTANT_CONVERSION = YES;
				CLANG_WARN_DEPRECATED_OBJC_IMPLEMENTATIONS = YES;
				CLANG_WARN_DIRECT_OBJC_ISA_USAGE = YES_ERROR;
				CLANG_WARN_DOCUMENTATION_COMMENTS = YES;
				CLANG_WARN_EMPTY_BODY = YES;
				CLANG_WARN_ENUM_CONVERSION = YES;
				CLANG_WARN_INFINITE_RECURSION = YES;
				CLANG_WARN_INT_CONVERSION = YES;
				CLANG_WARN_NON_LITERAL_NULL_CONVERSION = YES;
				CLANG_WARN_OBJC_IMPLICIT_RETAIN_SELF = YES;
				CLANG_WARN_OBJC_LITERAL_CONVERSION = YES;
				CLANG_WARN_OBJC_ROOT_CLASS = YES_ERROR;
				CLANG_WARN_QUOTED_INCLUDE_IN_FRAMEWORK_HEADER = YES;
				CLANG_WARN_RANGE_LOOP_ANALYSIS = YES;
				CLANG_WARN_STRICT_PROTOTYPES = YES;
				CLANG_WARN_SUSPICIOUS_MOVE = YES;
				CLANG_WARN_UNGUARDED_AVAILABILITY = YES_AGGRESSIVE;
				CLANG_WARN_UNREACHABLE_CODE = YES;
				CLANG_WARN__DUPLICATE_METHOD_MATCH = YES;
				COPY_PHASE_STRIP = NO;
				DEBUG_INFORMATION_FORMAT = dwarf;
				ENABLE_STRICT_OBJC_MSGSEND = YES;
				ENABLE_TESTABILITY = YES;
				GCC_C_LANGUAGE_STANDARD = gnu11;
				GCC_DYNAMIC_NO_PIC = NO;
				GCC_NO_COMMON_BLOCKS = YES;
				GCC_OPTIMIZATION_LEVEL = 0;
				GCC_PREPROCESSOR_DEFINITIONS = (
					"DEBUG=1",
					"$(inherited)",
				);
				GCC_WARN_64_TO_32_BIT_CONVERSION = YES;
				GCC_WARN_ABOUT_RETURN_TYPE = YES_ERROR;
				GCC_WARN_UNDECLARED_SELECTOR = YES;
				GCC_WARN_UNINITIALIZED_AUTOS = YES_AGGRESSIVE;
				GCC_WARN_UNUSED_FUNCTION = YES;
				GCC_WARN_UNUSED_VARIABLE = YES;
				IPHONEOS_DEPLOYMENT_TARGET = 14.5;
				MTL_ENABLE_DEBUG_INFO = INCLUDE_SOURCE;
				MTL_FAST_MATH = YES;
				ONLY_ACTIVE_ARCH = YES;
				SDKROOT = iphoneos;
				SWIFT_ACTIVE_COMPILATION_CONDITIONS = DEBUG;
				SWIFT_OPTIMIZATION_LEVEL = "-Onone";
			};
			name = Debug;
		};
		0AB10D322674B5A600EC4B51 /* Release */ = {
			isa = XCBuildConfiguration;
			buildSettings = {
				ALWAYS_SEARCH_USER_PATHS = NO;
				CLANG_ANALYZER_NONNULL = YES;
				CLANG_ANALYZER_NUMBER_OBJECT_CONVERSION = YES_AGGRESSIVE;
				CLANG_CXX_LANGUAGE_STANDARD = "gnu++14";
				CLANG_CXX_LIBRARY = "libc++";
				CLANG_ENABLE_MODULES = YES;
				CLANG_ENABLE_OBJC_ARC = YES;
				CLANG_ENABLE_OBJC_WEAK = YES;
				CLANG_WARN_BLOCK_CAPTURE_AUTORELEASING = YES;
				CLANG_WARN_BOOL_CONVERSION = YES;
				CLANG_WARN_COMMA = YES;
				CLANG_WARN_CONSTANT_CONVERSION = YES;
				CLANG_WARN_DEPRECATED_OBJC_IMPLEMENTATIONS = YES;
				CLANG_WARN_DIRECT_OBJC_ISA_USAGE = YES_ERROR;
				CLANG_WARN_DOCUMENTATION_COMMENTS = YES;
				CLANG_WARN_EMPTY_BODY = YES;
				CLANG_WARN_ENUM_CONVERSION = YES;
				CLANG_WARN_INFINITE_RECURSION = YES;
				CLANG_WARN_INT_CONVERSION = YES;
				CLANG_WARN_NON_LITERAL_NULL_CONVERSION = YES;
				CLANG_WARN_OBJC_IMPLICIT_RETAIN_SELF = YES;
				CLANG_WARN_OBJC_LITERAL_CONVERSION = YES;
				CLANG_WARN_OBJC_ROOT_CLASS = YES_ERROR;
				CLANG_WARN_QUOTED_INCLUDE_IN_FRAMEWORK_HEADER = YES;
				CLANG_WARN_RANGE_LOOP_ANALYSIS = YES;
				CLANG_WARN_STRICT_PROTOTYPES = YES;
				CLANG_WARN_SUSPICIOUS_MOVE = YES;
				CLANG_WARN_UNGUARDED_AVAILABILITY = YES_AGGRESSIVE;
				CLANG_WARN_UNREACHABLE_CODE = YES;
				CLANG_WARN__DUPLICATE_METHOD_MATCH = YES;
				COPY_PHASE_STRIP = NO;
				DEBUG_INFORMATION_FORMAT = "dwarf-with-dsym";
				ENABLE_NS_ASSERTIONS = NO;
				ENABLE_STRICT_OBJC_MSGSEND = YES;
				GCC_C_LANGUAGE_STANDARD = gnu11;
				GCC_NO_COMMON_BLOCKS = YES;
				GCC_WARN_64_TO_32_BIT_CONVERSION = YES;
				GCC_WARN_ABOUT_RETURN_TYPE = YES_ERROR;
				GCC_WARN_UNDECLARED_SELECTOR = YES;
				GCC_WARN_UNINITIALIZED_AUTOS = YES_AGGRESSIVE;
				GCC_WARN_UNUSED_FUNCTION = YES;
				GCC_WARN_UNUSED_VARIABLE = YES;
				IPHONEOS_DEPLOYMENT_TARGET = 14.5;
				MTL_ENABLE_DEBUG_INFO = NO;
				MTL_FAST_MATH = YES;
				SDKROOT = iphoneos;
				SWIFT_COMPILATION_MODE = wholemodule;
				SWIFT_OPTIMIZATION_LEVEL = "-O";
				VALIDATE_PRODUCT = YES;
			};
			name = Release;
		};
		0AB10D342674B5A600EC4B51 /* Debug */ = {
			isa = XCBuildConfiguration;
			buildSettings = {
				ALWAYS_EMBED_SWIFT_STANDARD_LIBRARIES = YES;
				ASSETCATALOG_COMPILER_APPICON_NAME = AppIcon;
				ASSETCATALOG_COMPILER_GLOBAL_ACCENT_COLOR_NAME = AccentColor;
				CODE_SIGN_ENTITLEMENTS = podcast/podcast.entitlements;
				CODE_SIGN_STYLE = Automatic;
				DEVELOPMENT_ASSET_PATHS = "\"podcast/Preview Content\"";
				DEVELOPMENT_TEAM = S59LX3P63N;
				ENABLE_PREVIEWS = YES;
				INFOPLIST_FILE = podcast/Info.plist;
				IPHONEOS_DEPLOYMENT_TARGET = 14.0;
				LD_RUNPATH_SEARCH_PATHS = (
					"$(inherited)",
					"@executable_path/Frameworks",
				);
				PRODUCT_BUNDLE_IDENTIFIER = dmitry.podcast;
				PRODUCT_NAME = "$(TARGET_NAME)";
				SWIFT_VERSION = 5.0;
				TARGETED_DEVICE_FAMILY = 1;
			};
			name = Debug;
		};
		0AB10D352674B5A600EC4B51 /* Release */ = {
			isa = XCBuildConfiguration;
			buildSettings = {
				ALWAYS_EMBED_SWIFT_STANDARD_LIBRARIES = YES;
				ASSETCATALOG_COMPILER_APPICON_NAME = AppIcon;
				ASSETCATALOG_COMPILER_GLOBAL_ACCENT_COLOR_NAME = AccentColor;
				CODE_SIGN_ENTITLEMENTS = podcast/podcast.entitlements;
				CODE_SIGN_STYLE = Automatic;
				DEVELOPMENT_ASSET_PATHS = "\"podcast/Preview Content\"";
				DEVELOPMENT_TEAM = S59LX3P63N;
				ENABLE_PREVIEWS = YES;
				INFOPLIST_FILE = podcast/Info.plist;
				IPHONEOS_DEPLOYMENT_TARGET = 14.0;
				LD_RUNPATH_SEARCH_PATHS = (
					"$(inherited)",
					"@executable_path/Frameworks",
				);
				PRODUCT_BUNDLE_IDENTIFIER = dmitry.podcast;
				PRODUCT_NAME = "$(TARGET_NAME)";
				SWIFT_VERSION = 5.0;
				TARGETED_DEVICE_FAMILY = 1;
			};
			name = Release;
		};
		0ACE2AF5274A728300F05E5F /* Debug */ = {
			isa = XCBuildConfiguration;
			buildSettings = {
				CLANG_CXX_LANGUAGE_STANDARD = "gnu++17";
				CODE_SIGN_ENTITLEMENTS = ShareToEpisode/ShareToEpisode.entitlements;
				CODE_SIGN_STYLE = Automatic;
				CURRENT_PROJECT_VERSION = 1;
				DEVELOPMENT_TEAM = S59LX3P63N;
				GENERATE_INFOPLIST_FILE = YES;
				INFOPLIST_FILE = ShareToEpisode/Info.plist;
				INFOPLIST_KEY_CFBundleDisplayName = ToPodcast;
				INFOPLIST_KEY_NSHumanReadableCopyright = "";
				IPHONEOS_DEPLOYMENT_TARGET = 15.0;
				LD_RUNPATH_SEARCH_PATHS = (
					"$(inherited)",
					"@executable_path/Frameworks",
					"@executable_path/../../Frameworks",
				);
				MARKETING_VERSION = 1.0;
				PRODUCT_BUNDLE_IDENTIFIER = dmitry.podcast.ShareToEpisode;
				PRODUCT_NAME = "$(TARGET_NAME)";
				SKIP_INSTALL = YES;
				SWIFT_EMIT_LOC_STRINGS = YES;
				SWIFT_VERSION = 5.0;
				TARGETED_DEVICE_FAMILY = 1;
			};
			name = Debug;
		};
		0ACE2AF6274A728300F05E5F /* Release */ = {
			isa = XCBuildConfiguration;
			buildSettings = {
				CLANG_CXX_LANGUAGE_STANDARD = "gnu++17";
				CODE_SIGN_ENTITLEMENTS = ShareToEpisode/ShareToEpisode.entitlements;
				CODE_SIGN_STYLE = Automatic;
				CURRENT_PROJECT_VERSION = 1;
				DEVELOPMENT_TEAM = S59LX3P63N;
				GENERATE_INFOPLIST_FILE = YES;
				INFOPLIST_FILE = ShareToEpisode/Info.plist;
				INFOPLIST_KEY_CFBundleDisplayName = ToPodcast;
				INFOPLIST_KEY_NSHumanReadableCopyright = "";
				IPHONEOS_DEPLOYMENT_TARGET = 15.0;
				LD_RUNPATH_SEARCH_PATHS = (
					"$(inherited)",
					"@executable_path/Frameworks",
					"@executable_path/../../Frameworks",
				);
				MARKETING_VERSION = 1.0;
				PRODUCT_BUNDLE_IDENTIFIER = dmitry.podcast.ShareToEpisode;
				PRODUCT_NAME = "$(TARGET_NAME)";
				SKIP_INSTALL = YES;
				SWIFT_EMIT_LOC_STRINGS = YES;
				SWIFT_VERSION = 5.0;
				TARGETED_DEVICE_FAMILY = 1;
			};
			name = Release;
		};
/* End XCBuildConfiguration section */

/* Begin XCConfigurationList section */
		0AB10D092674B5A500EC4B51 /* Build configuration list for PBXProject "podcast" */ = {
			isa = XCConfigurationList;
			buildConfigurations = (
				0AB10D312674B5A600EC4B51 /* Debug */,
				0AB10D322674B5A600EC4B51 /* Release */,
			);
			defaultConfigurationIsVisible = 0;
			defaultConfigurationName = Release;
		};
		0AB10D332674B5A600EC4B51 /* Build configuration list for PBXNativeTarget "podcast" */ = {
			isa = XCConfigurationList;
			buildConfigurations = (
				0AB10D342674B5A600EC4B51 /* Debug */,
				0AB10D352674B5A600EC4B51 /* Release */,
			);
			defaultConfigurationIsVisible = 0;
			defaultConfigurationName = Release;
		};
		0ACE2AF4274A728300F05E5F /* Build configuration list for PBXNativeTarget "ShareToEpisode" */ = {
			isa = XCConfigurationList;
			buildConfigurations = (
				0ACE2AF5274A728300F05E5F /* Debug */,
				0ACE2AF6274A728300F05E5F /* Release */,
			);
			defaultConfigurationIsVisible = 0;
			defaultConfigurationName = Release;
		};
/* End XCConfigurationList section */

/* Begin XCRemoteSwiftPackageReference section */
		0A6D866D26CF7DF00070231F /* XCRemoteSwiftPackageReference "Alamofire" */ = {
			isa = XCRemoteSwiftPackageReference;
			repositoryURL = "https://github.com/Alamofire/Alamofire";
			requirement = {
				kind = upToNextMajorVersion;
				minimumVersion = 5.4.3;
			};
		};
		0AAFBD4926C1A21F002C228E /* XCRemoteSwiftPackageReference "KeychainAccess" */ = {
			isa = XCRemoteSwiftPackageReference;
			repositoryURL = "https://github.com/kishikawakatsumi/KeychainAccess.git";
			requirement = {
				kind = upToNextMajorVersion;
				minimumVersion = 4.2.2;
			};
		};
		0AB2BF3D26A8405D00C2F1A3 /* XCRemoteSwiftPackageReference "Kingfisher" */ = {
			isa = XCRemoteSwiftPackageReference;
			repositoryURL = "https://github.com/onevcat/Kingfisher";
			requirement = {
				kind = upToNextMajorVersion;
				minimumVersion = 6.3.0;
			};
		};
/* End XCRemoteSwiftPackageReference section */

/* Begin XCSwiftPackageProductDependency section */
		0A6D866E26CF7DF00070231F /* Alamofire */ = {
			isa = XCSwiftPackageProductDependency;
			package = 0A6D866D26CF7DF00070231F /* XCRemoteSwiftPackageReference "Alamofire" */;
			productName = Alamofire;
		};
		0AAFBD4A26C1A21F002C228E /* KeychainAccess */ = {
			isa = XCSwiftPackageProductDependency;
			package = 0AAFBD4926C1A21F002C228E /* XCRemoteSwiftPackageReference "KeychainAccess" */;
			productName = KeychainAccess;
		};
		0AB2BF3E26A8405D00C2F1A3 /* Kingfisher */ = {
			isa = XCSwiftPackageProductDependency;
			package = 0AB2BF3D26A8405D00C2F1A3 /* XCRemoteSwiftPackageReference "Kingfisher" */;
			productName = Kingfisher;
		};
/* End XCSwiftPackageProductDependency section */
	};
	rootObject = 0AB10D062674B5A500EC4B51 /* Project object */;
}
