// !$*UTF8*$!
{
	archiveVersion = 1;
	classes = {
	};
	objectVersion = 55;
	objects = {

/* Begin PBXBuildFile section */
		0A4178E82766305E00023DE1 /* PodcastShareApp.swift in Sources */ = {isa = PBXBuildFile; fileRef = 0A4178E72766305E00023DE1 /* PodcastShareApp.swift */; };
		0A4178EA2766305E00023DE1 /* ContentView.swift in Sources */ = {isa = PBXBuildFile; fileRef = 0A4178E92766305E00023DE1 /* ContentView.swift */; };
		0A4178EC2766306000023DE1 /* Assets.xcassets in Resources */ = {isa = PBXBuildFile; fileRef = 0A4178EB2766306000023DE1 /* Assets.xcassets */; };
		0A4178EF2766306000023DE1 /* Preview Assets.xcassets in Resources */ = {isa = PBXBuildFile; fileRef = 0A4178EE2766306000023DE1 /* Preview Assets.xcassets */; };
		0A4178FC276630D700023DE1 /* ShareViewController.swift in Sources */ = {isa = PBXBuildFile; fileRef = 0A4178FB276630D700023DE1 /* ShareViewController.swift */; };
		0A4178FF276630D700023DE1 /* MainInterface.storyboard in Resources */ = {isa = PBXBuildFile; fileRef = 0A4178FD276630D700023DE1 /* MainInterface.storyboard */; };
		0A417903276630D700023DE1 /* ShareExt.appex in Embed App Extensions */ = {isa = PBXBuildFile; fileRef = 0A4178F9276630D700023DE1 /* ShareExt.appex */; settings = {ATTRIBUTES = (RemoveHeadersOnCopy, ); }; };
/* End PBXBuildFile section */

/* Begin PBXContainerItemProxy section */
		0A417901276630D700023DE1 /* PBXContainerItemProxy */ = {
			isa = PBXContainerItemProxy;
			containerPortal = 0A4178DC2766305E00023DE1 /* Project object */;
			proxyType = 1;
			remoteGlobalIDString = 0A4178F8276630D700023DE1;
			remoteInfo = ShareExt;
		};
/* End PBXContainerItemProxy section */

/* Begin PBXCopyFilesBuildPhase section */
		0A417907276630D700023DE1 /* Embed App Extensions */ = {
			isa = PBXCopyFilesBuildPhase;
			buildActionMask = 2147483647;
			dstPath = "";
			dstSubfolderSpec = 13;
			files = (
				0A417903276630D700023DE1 /* ShareExt.appex in Embed App Extensions */,
			);
			name = "Embed App Extensions";
			runOnlyForDeploymentPostprocessing = 0;
		};
/* End PBXCopyFilesBuildPhase section */

/* Begin PBXFileReference section */
		0A4178E42766305E00023DE1 /* PodcastShare.app */ = {isa = PBXFileReference; explicitFileType = wrapper.application; includeInIndex = 0; path = PodcastShare.app; sourceTree = BUILT_PRODUCTS_DIR; };
		0A4178E72766305E00023DE1 /* PodcastShareApp.swift */ = {isa = PBXFileReference; lastKnownFileType = sourcecode.swift; path = PodcastShareApp.swift; sourceTree = "<group>"; };
		0A4178E92766305E00023DE1 /* ContentView.swift */ = {isa = PBXFileReference; lastKnownFileType = sourcecode.swift; path = ContentView.swift; sourceTree = "<group>"; };
		0A4178EB2766306000023DE1 /* Assets.xcassets */ = {isa = PBXFileReference; lastKnownFileType = folder.assetcatalog; path = Assets.xcassets; sourceTree = "<group>"; };
		0A4178EE2766306000023DE1 /* Preview Assets.xcassets */ = {isa = PBXFileReference; lastKnownFileType = folder.assetcatalog; path = "Preview Assets.xcassets"; sourceTree = "<group>"; };
		0A4178F9276630D700023DE1 /* ShareExt.appex */ = {isa = PBXFileReference; explicitFileType = "wrapper.app-extension"; includeInIndex = 0; path = ShareExt.appex; sourceTree = BUILT_PRODUCTS_DIR; };
		0A4178FB276630D700023DE1 /* ShareViewController.swift */ = {isa = PBXFileReference; lastKnownFileType = sourcecode.swift; path = ShareViewController.swift; sourceTree = "<group>"; };
		0A4178FE276630D700023DE1 /* Base */ = {isa = PBXFileReference; lastKnownFileType = file.storyboard; name = Base; path = Base.lproj/MainInterface.storyboard; sourceTree = "<group>"; };
		0A417900276630D700023DE1 /* Info.plist */ = {isa = PBXFileReference; lastKnownFileType = text.plist.xml; path = Info.plist; sourceTree = "<group>"; };
		0A417908276875DF00023DE1 /* Info.plist */ = {isa = PBXFileReference; lastKnownFileType = text.plist; path = Info.plist; sourceTree = "<group>"; };
		0A417909277229F400023DE1 /* PodcastShare.entitlements */ = {isa = PBXFileReference; lastKnownFileType = text.plist.entitlements; path = PodcastShare.entitlements; sourceTree = "<group>"; };
		0A41790A27722A3400023DE1 /* ShareExt.entitlements */ = {isa = PBXFileReference; lastKnownFileType = text.plist.entitlements; path = ShareExt.entitlements; sourceTree = "<group>"; };
/* End PBXFileReference section */

/* Begin PBXFrameworksBuildPhase section */
		0A4178E12766305E00023DE1 /* Frameworks */ = {
			isa = PBXFrameworksBuildPhase;
			buildActionMask = 2147483647;
			files = (
			);
			runOnlyForDeploymentPostprocessing = 0;
		};
		0A4178F6276630D700023DE1 /* Frameworks */ = {
			isa = PBXFrameworksBuildPhase;
			buildActionMask = 2147483647;
			files = (
			);
			runOnlyForDeploymentPostprocessing = 0;
		};
/* End PBXFrameworksBuildPhase section */

/* Begin PBXGroup section */
		0A4178DB2766305E00023DE1 = {
			isa = PBXGroup;
			children = (
				0A4178E62766305E00023DE1 /* PodcastShare */,
				0A4178FA276630D700023DE1 /* ShareExt */,
				0A4178E52766305E00023DE1 /* Products */,
			);
			sourceTree = "<group>";
		};
		0A4178E52766305E00023DE1 /* Products */ = {
			isa = PBXGroup;
			children = (
				0A4178E42766305E00023DE1 /* PodcastShare.app */,
				0A4178F9276630D700023DE1 /* ShareExt.appex */,
			);
			name = Products;
			sourceTree = "<group>";
		};
		0A4178E62766305E00023DE1 /* PodcastShare */ = {
			isa = PBXGroup;
			children = (
				0A417909277229F400023DE1 /* PodcastShare.entitlements */,
				0A417908276875DF00023DE1 /* Info.plist */,
				0A4178E72766305E00023DE1 /* PodcastShareApp.swift */,
				0A4178E92766305E00023DE1 /* ContentView.swift */,
				0A4178EB2766306000023DE1 /* Assets.xcassets */,
				0A4178ED2766306000023DE1 /* Preview Content */,
			);
			path = PodcastShare;
			sourceTree = "<group>";
		};
		0A4178ED2766306000023DE1 /* Preview Content */ = {
			isa = PBXGroup;
			children = (
				0A4178EE2766306000023DE1 /* Preview Assets.xcassets */,
			);
			path = "Preview Content";
			sourceTree = "<group>";
		};
		0A4178FA276630D700023DE1 /* ShareExt */ = {
			isa = PBXGroup;
			children = (
				0A41790A27722A3400023DE1 /* ShareExt.entitlements */,
				0A4178FB276630D700023DE1 /* ShareViewController.swift */,
				0A4178FD276630D700023DE1 /* MainInterface.storyboard */,
				0A417900276630D700023DE1 /* Info.plist */,
			);
			path = ShareExt;
			sourceTree = "<group>";
		};
/* End PBXGroup section */

/* Begin PBXNativeTarget section */
		0A4178E32766305E00023DE1 /* PodcastShare */ = {
			isa = PBXNativeTarget;
			buildConfigurationList = 0A4178F22766306000023DE1 /* Build configuration list for PBXNativeTarget "PodcastShare" */;
			buildPhases = (
				0A4178E02766305E00023DE1 /* Sources */,
				0A4178E12766305E00023DE1 /* Frameworks */,
				0A4178E22766305E00023DE1 /* Resources */,
				0A417907276630D700023DE1 /* Embed App Extensions */,
			);
			buildRules = (
			);
			dependencies = (
				0A417902276630D700023DE1 /* PBXTargetDependency */,
			);
			name = PodcastShare;
			productName = PodcastShare;
			productReference = 0A4178E42766305E00023DE1 /* PodcastShare.app */;
			productType = "com.apple.product-type.application";
		};
		0A4178F8276630D700023DE1 /* ShareExt */ = {
			isa = PBXNativeTarget;
			buildConfigurationList = 0A417904276630D700023DE1 /* Build configuration list for PBXNativeTarget "ShareExt" */;
			buildPhases = (
				0A4178F5276630D700023DE1 /* Sources */,
				0A4178F6276630D700023DE1 /* Frameworks */,
				0A4178F7276630D700023DE1 /* Resources */,
			);
			buildRules = (
			);
			dependencies = (
			);
			name = ShareExt;
			productName = ShareExt;
			productReference = 0A4178F9276630D700023DE1 /* ShareExt.appex */;
			productType = "com.apple.product-type.app-extension";
		};
/* End PBXNativeTarget section */

/* Begin PBXProject section */
		0A4178DC2766305E00023DE1 /* Project object */ = {
			isa = PBXProject;
			attributes = {
				BuildIndependentTargetsInParallel = 1;
				LastSwiftUpdateCheck = 1300;
				LastUpgradeCheck = 1300;
				TargetAttributes = {
					0A4178E32766305E00023DE1 = {
						CreatedOnToolsVersion = 13.0;
					};
					0A4178F8276630D700023DE1 = {
						CreatedOnToolsVersion = 13.0;
					};
				};
			};
			buildConfigurationList = 0A4178DF2766305E00023DE1 /* Build configuration list for PBXProject "PodcastShare" */;
			compatibilityVersion = "Xcode 13.0";
			developmentRegion = en;
			hasScannedForEncodings = 0;
			knownRegions = (
				en,
				Base,
			);
			mainGroup = 0A4178DB2766305E00023DE1;
			productRefGroup = 0A4178E52766305E00023DE1 /* Products */;
			projectDirPath = "";
			projectRoot = "";
			targets = (
				0A4178E32766305E00023DE1 /* PodcastShare */,
				0A4178F8276630D700023DE1 /* ShareExt */,
			);
		};
/* End PBXProject section */

/* Begin PBXResourcesBuildPhase section */
		0A4178E22766305E00023DE1 /* Resources */ = {
			isa = PBXResourcesBuildPhase;
			buildActionMask = 2147483647;
			files = (
				0A4178EF2766306000023DE1 /* Preview Assets.xcassets in Resources */,
				0A4178EC2766306000023DE1 /* Assets.xcassets in Resources */,
			);
			runOnlyForDeploymentPostprocessing = 0;
		};
		0A4178F7276630D700023DE1 /* Resources */ = {
			isa = PBXResourcesBuildPhase;
			buildActionMask = 2147483647;
			files = (
				0A4178FF276630D700023DE1 /* MainInterface.storyboard in Resources */,
			);
			runOnlyForDeploymentPostprocessing = 0;
		};
/* End PBXResourcesBuildPhase section */

/* Begin PBXSourcesBuildPhase section */
		0A4178E02766305E00023DE1 /* Sources */ = {
			isa = PBXSourcesBuildPhase;
			buildActionMask = 2147483647;
			files = (
				0A4178EA2766305E00023DE1 /* ContentView.swift in Sources */,
				0A4178E82766305E00023DE1 /* PodcastShareApp.swift in Sources */,
			);
			runOnlyForDeploymentPostprocessing = 0;
		};
		0A4178F5276630D700023DE1 /* Sources */ = {
			isa = PBXSourcesBuildPhase;
			buildActionMask = 2147483647;
			files = (
				0A4178FC276630D700023DE1 /* ShareViewController.swift in Sources */,
			);
			runOnlyForDeploymentPostprocessing = 0;
		};
/* End PBXSourcesBuildPhase section */

/* Begin PBXTargetDependency section */
		0A417902276630D700023DE1 /* PBXTargetDependency */ = {
			isa = PBXTargetDependency;
			target = 0A4178F8276630D700023DE1 /* ShareExt */;
			targetProxy = 0A417901276630D700023DE1 /* PBXContainerItemProxy */;
		};
/* End PBXTargetDependency section */

/* Begin PBXVariantGroup section */
		0A4178FD276630D700023DE1 /* MainInterface.storyboard */ = {
			isa = PBXVariantGroup;
			children = (
				0A4178FE276630D700023DE1 /* Base */,
			);
			name = MainInterface.storyboard;
			sourceTree = "<group>";
		};
/* End PBXVariantGroup section */

/* Begin XCBuildConfiguration section */
		0A4178F02766306000023DE1 /* Debug */ = {
			isa = XCBuildConfiguration;
			buildSettings = {
				ALWAYS_SEARCH_USER_PATHS = NO;
				CLANG_ANALYZER_NONNULL = YES;
				CLANG_ANALYZER_NUMBER_OBJECT_CONVERSION = YES_AGGRESSIVE;
				CLANG_CXX_LANGUAGE_STANDARD = "gnu++17";
				CLANG_CXX_LIBRARY = "libc++";
				CLANG_ENABLE_MODULES = YES;
				CLANG_ENABLE_OBJC_ARC = YES;
				CLANG_ENABLE_OBJC_WEAK = YES;
				CLANG_WARN_BLOCK_CAPTURE_AUTORELEASING = YES;
				CLANG_WARN_BOOL_CONVERSION = YES;
				CLANG_WARN_COMMA = YES;
				CLANG_WARN_CONSTANT_CONVERSION = YES;
				CLANG_WARN_DEPRECATED_OBJC_IMPLEMENTATIONS = YES;
				CLANG_WARN_DIRECT_OBJC_ISA_USAGE = YES_ERROR;
				CLANG_WARN_DOCUMENTATION_COMMENTS = YES;
				CLANG_WARN_EMPTY_BODY = YES;
				CLANG_WARN_ENUM_CONVERSION = YES;
				CLANG_WARN_INFINITE_RECURSION = YES;
				CLANG_WARN_INT_CONVERSION = YES;
				CLANG_WARN_NON_LITERAL_NULL_CONVERSION = YES;
				CLANG_WARN_OBJC_IMPLICIT_RETAIN_SELF = YES;
				CLANG_WARN_OBJC_LITERAL_CONVERSION = YES;
				CLANG_WARN_OBJC_ROOT_CLASS = YES_ERROR;
				CLANG_WARN_QUOTED_INCLUDE_IN_FRAMEWORK_HEADER = YES;
				CLANG_WARN_RANGE_LOOP_ANALYSIS = YES;
				CLANG_WARN_STRICT_PROTOTYPES = YES;
				CLANG_WARN_SUSPICIOUS_MOVE = YES;
				CLANG_WARN_UNGUARDED_AVAILABILITY = YES_AGGRESSIVE;
				CLANG_WARN_UNREACHABLE_CODE = YES;
				CLANG_WARN__DUPLICATE_METHOD_MATCH = YES;
				COPY_PHASE_STRIP = NO;
				DEBUG_INFORMATION_FORMAT = dwarf;
				ENABLE_STRICT_OBJC_MSGSEND = YES;
				ENABLE_TESTABILITY = YES;
				GCC_C_LANGUAGE_STANDARD = gnu11;
				GCC_DYNAMIC_NO_PIC = NO;
				GCC_NO_COMMON_BLOCKS = YES;
				GCC_OPTIMIZATION_LEVEL = 0;
				GCC_PREPROCESSOR_DEFINITIONS = (
					"DEBUG=1",
					"$(inherited)",
				);
				GCC_WARN_64_TO_32_BIT_CONVERSION = YES;
				GCC_WARN_ABOUT_RETURN_TYPE = YES_ERROR;
				GCC_WARN_UNDECLARED_SELECTOR = YES;
				GCC_WARN_UNINITIALIZED_AUTOS = YES_AGGRESSIVE;
				GCC_WARN_UNUSED_FUNCTION = YES;
				GCC_WARN_UNUSED_VARIABLE = YES;
				IPHONEOS_DEPLOYMENT_TARGET = 15.0;
				MTL_ENABLE_DEBUG_INFO = INCLUDE_SOURCE;
				MTL_FAST_MATH = YES;
				ONLY_ACTIVE_ARCH = YES;
				SDKROOT = iphoneos;
				SWIFT_ACTIVE_COMPILATION_CONDITIONS = DEBUG;
				SWIFT_OPTIMIZATION_LEVEL = "-Onone";
			};
			name = Debug;
		};
		0A4178F12766306000023DE1 /* Release */ = {
			isa = XCBuildConfiguration;
			buildSettings = {
				ALWAYS_SEARCH_USER_PATHS = NO;
				CLANG_ANALYZER_NONNULL = YES;
				CLANG_ANALYZER_NUMBER_OBJECT_CONVERSION = YES_AGGRESSIVE;
				CLANG_CXX_LANGUAGE_STANDARD = "gnu++17";
				CLANG_CXX_LIBRARY = "libc++";
				CLANG_ENABLE_MODULES = YES;
				CLANG_ENABLE_OBJC_ARC = YES;
				CLANG_ENABLE_OBJC_WEAK = YES;
				CLANG_WARN_BLOCK_CAPTURE_AUTORELEASING = YES;
				CLANG_WARN_BOOL_CONVERSION = YES;
				CLANG_WARN_COMMA = YES;
				CLANG_WARN_CONSTANT_CONVERSION = YES;
				CLANG_WARN_DEPRECATED_OBJC_IMPLEMENTATIONS = YES;
				CLANG_WARN_DIRECT_OBJC_ISA_USAGE = YES_ERROR;
				CLANG_WARN_DOCUMENTATION_COMMENTS = YES;
				CLANG_WARN_EMPTY_BODY = YES;
				CLANG_WARN_ENUM_CONVERSION = YES;
				CLANG_WARN_INFINITE_RECURSION = YES;
				CLANG_WARN_INT_CONVERSION = YES;
				CLANG_WARN_NON_LITERAL_NULL_CONVERSION = YES;
				CLANG_WARN_OBJC_IMPLICIT_RETAIN_SELF = YES;
				CLANG_WARN_OBJC_LITERAL_CONVERSION = YES;
				CLANG_WARN_OBJC_ROOT_CLASS = YES_ERROR;
				CLANG_WARN_QUOTED_INCLUDE_IN_FRAMEWORK_HEADER = YES;
				CLANG_WARN_RANGE_LOOP_ANALYSIS = YES;
				CLANG_WARN_STRICT_PROTOTYPES = YES;
				CLANG_WARN_SUSPICIOUS_MOVE = YES;
				CLANG_WARN_UNGUARDED_AVAILABILITY = YES_AGGRESSIVE;
				CLANG_WARN_UNREACHABLE_CODE = YES;
				CLANG_WARN__DUPLICATE_METHOD_MATCH = YES;
				COPY_PHASE_STRIP = NO;
				DEBUG_INFORMATION_FORMAT = "dwarf-with-dsym";
				ENABLE_NS_ASSERTIONS = NO;
				ENABLE_STRICT_OBJC_MSGSEND = YES;
				GCC_C_LANGUAGE_STANDARD = gnu11;
				GCC_NO_COMMON_BLOCKS = YES;
				GCC_WARN_64_TO_32_BIT_CONVERSION = YES;
				GCC_WARN_ABOUT_RETURN_TYPE = YES_ERROR;
				GCC_WARN_UNDECLARED_SELECTOR = YES;
				GCC_WARN_UNINITIALIZED_AUTOS = YES_AGGRESSIVE;
				GCC_WARN_UNUSED_FUNCTION = YES;
				GCC_WARN_UNUSED_VARIABLE = YES;
				IPHONEOS_DEPLOYMENT_TARGET = 15.0;
				MTL_ENABLE_DEBUG_INFO = NO;
				MTL_FAST_MATH = YES;
				SDKROOT = iphoneos;
				SWIFT_COMPILATION_MODE = wholemodule;
				SWIFT_OPTIMIZATION_LEVEL = "-O";
				VALIDATE_PRODUCT = YES;
			};
			name = Release;
		};
		0A4178F32766306000023DE1 /* Debug */ = {
			isa = XCBuildConfiguration;
			buildSettings = {
				ALWAYS_EMBED_SWIFT_STANDARD_LIBRARIES = YES;
				ASSETCATALOG_COMPILER_APPICON_NAME = AppIcon;
				ASSETCATALOG_COMPILER_GLOBAL_ACCENT_COLOR_NAME = AccentColor;
				CODE_SIGN_ENTITLEMENTS = PodcastShare/PodcastShare.entitlements;
				CODE_SIGN_STYLE = Automatic;
				CURRENT_PROJECT_VERSION = 1;
				DEVELOPMENT_ASSET_PATHS = "\"PodcastShare/Preview Content\"";
				DEVELOPMENT_TEAM = S59LX3P63N;
				ENABLE_PREVIEWS = YES;
				GENERATE_INFOPLIST_FILE = YES;
				INFOPLIST_FILE = PodcastShare/Info.plist;
				INFOPLIST_KEY_UIApplicationSceneManifest_Generation = YES;
				INFOPLIST_KEY_UIApplicationSupportsIndirectInputEvents = YES;
				INFOPLIST_KEY_UILaunchScreen_Generation = YES;
				INFOPLIST_KEY_UISupportedInterfaceOrientations_iPad = "UIInterfaceOrientationPortrait UIInterfaceOrientationPortraitUpsideDown UIInterfaceOrientationLandscapeLeft UIInterfaceOrientationLandscapeRight";
				INFOPLIST_KEY_UISupportedInterfaceOrientations_iPhone = "UIInterfaceOrientationPortrait UIInterfaceOrientationLandscapeLeft UIInterfaceOrientationLandscapeRight";
				IPHONEOS_DEPLOYMENT_TARGET = 15.0;
				LD_RUNPATH_SEARCH_PATHS = (
					"$(inherited)",
					"@executable_path/Frameworks",
				);
				MARKETING_VERSION = 1.0;
				PRODUCT_BUNDLE_IDENTIFIER = com.DmitryBurnaev.PodcastShare;
				PRODUCT_NAME = "$(TARGET_NAME)";
				SWIFT_EMIT_LOC_STRINGS = YES;
				SWIFT_VERSION = 5.0;
				TARGETED_DEVICE_FAMILY = 1;
			};
			name = Debug;
		};
		0A4178F42766306000023DE1 /* Release */ = {
			isa = XCBuildConfiguration;
			buildSettings = {
				ALWAYS_EMBED_SWIFT_STANDARD_LIBRARIES = YES;
				ASSETCATALOG_COMPILER_APPICON_NAME = AppIcon;
				ASSETCATALOG_COMPILER_GLOBAL_ACCENT_COLOR_NAME = AccentColor;
				CODE_SIGN_ENTITLEMENTS = PodcastShare/PodcastShare.entitlements;
				CODE_SIGN_STYLE = Automatic;
				CURRENT_PROJECT_VERSION = 1;
				DEVELOPMENT_ASSET_PATHS = "\"PodcastShare/Preview Content\"";
				DEVELOPMENT_TEAM = S59LX3P63N;
				ENABLE_PREVIEWS = YES;
				GENERATE_INFOPLIST_FILE = YES;
				INFOPLIST_FILE = PodcastShare/Info.plist;
				INFOPLIST_KEY_UIApplicationSceneManifest_Generation = YES;
				INFOPLIST_KEY_UIApplicationSupportsIndirectInputEvents = YES;
				INFOPLIST_KEY_UILaunchScreen_Generation = YES;
				INFOPLIST_KEY_UISupportedInterfaceOrientations_iPad = "UIInterfaceOrientationPortrait UIInterfaceOrientationPortraitUpsideDown UIInterfaceOrientationLandscapeLeft UIInterfaceOrientationLandscapeRight";
				INFOPLIST_KEY_UISupportedInterfaceOrientations_iPhone = "UIInterfaceOrientationPortrait UIInterfaceOrientationLandscapeLeft UIInterfaceOrientationLandscapeRight";
				IPHONEOS_DEPLOYMENT_TARGET = 15.0;
				LD_RUNPATH_SEARCH_PATHS = (
					"$(inherited)",
					"@executable_path/Frameworks",
				);
				MARKETING_VERSION = 1.0;
				PRODUCT_BUNDLE_IDENTIFIER = com.DmitryBurnaev.PodcastShare;
				PRODUCT_NAME = "$(TARGET_NAME)";
				SWIFT_EMIT_LOC_STRINGS = YES;
				SWIFT_VERSION = 5.0;
				TARGETED_DEVICE_FAMILY = 1;
			};
			name = Release;
		};
		0A417905276630D700023DE1 /* Debug */ = {
			isa = XCBuildConfiguration;
			buildSettings = {
				CODE_SIGN_ENTITLEMENTS = ShareExt/ShareExt.entitlements;
				CODE_SIGN_STYLE = Automatic;
				CURRENT_PROJECT_VERSION = 1;
				DEVELOPMENT_TEAM = S59LX3P63N;
				GENERATE_INFOPLIST_FILE = YES;
				INFOPLIST_FILE = ShareExt/Info.plist;
				INFOPLIST_KEY_CFBundleDisplayName = PodcastShare;
				INFOPLIST_KEY_NSHumanReadableCopyright = "";
				LD_RUNPATH_SEARCH_PATHS = (
					"$(inherited)",
					"@executable_path/Frameworks",
					"@executable_path/../../Frameworks",
				);
				MARKETING_VERSION = 1.0;
				PRODUCT_BUNDLE_IDENTIFIER = com.DmitryBurnaev.PodcastShare.ShareExt;
				PRODUCT_NAME = "$(TARGET_NAME)";
				SKIP_INSTALL = YES;
				SWIFT_EMIT_LOC_STRINGS = YES;
				SWIFT_VERSION = 5.0;
				TARGETED_DEVICE_FAMILY = 1;
			};
			name = Debug;
		};
		0A417906276630D700023DE1 /* Release */ = {
			isa = XCBuildConfiguration;
			buildSettings = {
				CODE_SIGN_ENTITLEMENTS = ShareExt/ShareExt.entitlements;
				CODE_SIGN_STYLE = Automatic;
				CURRENT_PROJECT_VERSION = 1;
				DEVELOPMENT_TEAM = S59LX3P63N;
				GENERATE_INFOPLIST_FILE = YES;
				INFOPLIST_FILE = ShareExt/Info.plist;
				INFOPLIST_KEY_CFBundleDisplayName = PodcastShare;
				INFOPLIST_KEY_NSHumanReadableCopyright = "";
				LD_RUNPATH_SEARCH_PATHS = (
					"$(inherited)",
					"@executable_path/Frameworks",
					"@executable_path/../../Frameworks",
				);
				MARKETING_VERSION = 1.0;
				PRODUCT_BUNDLE_IDENTIFIER = com.DmitryBurnaev.PodcastShare.ShareExt;
				PRODUCT_NAME = "$(TARGET_NAME)";
				SKIP_INSTALL = YES;
				SWIFT_EMIT_LOC_STRINGS = YES;
				SWIFT_VERSION = 5.0;
				TARGETED_DEVICE_FAMILY = 1;
			};
			name = Release;
		};
/* End XCBuildConfiguration section */

/* Begin XCConfigurationList section */
		0A4178DF2766305E00023DE1 /* Build configuration list for PBXProject "PodcastShare" */ = {
			isa = XCConfigurationList;
			buildConfigurations = (
				0A4178F02766306000023DE1 /* Debug */,
				0A4178F12766306000023DE1 /* Release */,
			);
			defaultConfigurationIsVisible = 0;
			defaultConfigurationName = Release;
		};
		0A4178F22766306000023DE1 /* Build configuration list for PBXNativeTarget "PodcastShare" */ = {
			isa = XCConfigurationList;
			buildConfigurations = (
				0A4178F32766306000023DE1 /* Debug */,
				0A4178F42766306000023DE1 /* Release */,
			);
			defaultConfigurationIsVisible = 0;
			defaultConfigurationName = Release;
		};
		0A417904276630D700023DE1 /* Build configuration list for PBXNativeTarget "ShareExt" */ = {
			isa = XCConfigurationList;
			buildConfigurations = (
				0A417905276630D700023DE1 /* Debug */,
				0A417906276630D700023DE1 /* Release */,
			);
			defaultConfigurationIsVisible = 0;
			defaultConfigurationName = Release;
		};
/* End XCConfigurationList section */
	};
	rootObject = 0A4178DC2766305E00023DE1 /* Project object */;
}
