// !$*UTF8*$!
{
	archiveVersion = 1;
	classes = {
	};
	objectVersion = 50;
	objects = {

/* Begin PBXBuildFile section */
		0ACAE35A267C708E00CD54B5 /* AppDelegate.swift in Sources */ = {isa = PBXBuildFile; fileRef = 0ACAE359267C708E00CD54B5 /* AppDelegate.swift */; };
		0ACAE35C267C708E00CD54B5 /* SceneDelegate.swift in Sources */ = {isa = PBXBuildFile; fileRef = 0ACAE35B267C708E00CD54B5 /* SceneDelegate.swift */; };
		0ACAE35E267C708E00CD54B5 /* ViewController.swift in Sources */ = {isa = PBXBuildFile; fileRef = 0ACAE35D267C708E00CD54B5 /* ViewController.swift */; };
		0ACAE361267C708E00CD54B5 /* Main.storyboard in Resources */ = {isa = PBXBuildFile; fileRef = 0ACAE35F267C708E00CD54B5 /* Main.storyboard */; };
		0ACAE363267C708F00CD54B5 /* Assets.xcassets in Resources */ = {isa = PBXBuildFile; fileRef = 0ACAE362267C708F00CD54B5 /* Assets.xcassets */; };
		0ACAE366267C708F00CD54B5 /* LaunchScreen.storyboard in Resources */ = {isa = PBXBuildFile; fileRef = 0ACAE364267C708F00CD54B5 /* LaunchScreen.storyboard */; };
		0ACAE371267C708F00CD54B5 /* podcastTests.swift in Sources */ = {isa = PBXBuildFile; fileRef = 0ACAE370267C708F00CD54B5 /* podcastTests.swift */; };
		0ACAE37C267C708F00CD54B5 /* podcastUITests.swift in Sources */ = {isa = PBXBuildFile; fileRef = 0ACAE37B267C708F00CD54B5 /* podcastUITests.swift */; };
/* End PBXBuildFile section */

/* Begin PBXContainerItemProxy section */
		0ACAE36D267C708F00CD54B5 /* PBXContainerItemProxy */ = {
			isa = PBXContainerItemProxy;
			containerPortal = 0ACAE34E267C708E00CD54B5 /* Project object */;
			proxyType = 1;
			remoteGlobalIDString = 0ACAE355267C708E00CD54B5;
			remoteInfo = podcast;
		};
		0ACAE378267C708F00CD54B5 /* PBXContainerItemProxy */ = {
			isa = PBXContainerItemProxy;
			containerPortal = 0ACAE34E267C708E00CD54B5 /* Project object */;
			proxyType = 1;
			remoteGlobalIDString = 0ACAE355267C708E00CD54B5;
			remoteInfo = podcast;
		};
/* End PBXContainerItemProxy section */

/* Begin PBXFileReference section */
		0ACAE356267C708E00CD54B5 /* podcast.app */ = {isa = PBXFileReference; explicitFileType = wrapper.application; includeInIndex = 0; path = podcast.app; sourceTree = BUILT_PRODUCTS_DIR; };
		0ACAE359267C708E00CD54B5 /* AppDelegate.swift */ = {isa = PBXFileReference; lastKnownFileType = sourcecode.swift; path = AppDelegate.swift; sourceTree = "<group>"; };
		0ACAE35B267C708E00CD54B5 /* SceneDelegate.swift */ = {isa = PBXFileReference; lastKnownFileType = sourcecode.swift; path = SceneDelegate.swift; sourceTree = "<group>"; };
		0ACAE35D267C708E00CD54B5 /* ViewController.swift */ = {isa = PBXFileReference; lastKnownFileType = sourcecode.swift; path = ViewController.swift; sourceTree = "<group>"; };
		0ACAE360267C708E00CD54B5 /* Base */ = {isa = PBXFileReference; lastKnownFileType = file.storyboard; name = Base; path = Base.lproj/Main.storyboard; sourceTree = "<group>"; };
		0ACAE362267C708F00CD54B5 /* Assets.xcassets */ = {isa = PBXFileReference; lastKnownFileType = folder.assetcatalog; path = Assets.xcassets; sourceTree = "<group>"; };
		0ACAE365267C708F00CD54B5 /* Base */ = {isa = PBXFileReference; lastKnownFileType = file.storyboard; name = Base; path = Base.lproj/LaunchScreen.storyboard; sourceTree = "<group>"; };
		0ACAE367267C708F00CD54B5 /* Info.plist */ = {isa = PBXFileReference; lastKnownFileType = text.plist.xml; path = Info.plist; sourceTree = "<group>"; };
		0ACAE36C267C708F00CD54B5 /* podcastTests.xctest */ = {isa = PBXFileReference; explicitFileType = wrapper.cfbundle; includeInIndex = 0; path = podcastTests.xctest; sourceTree = BUILT_PRODUCTS_DIR; };
		0ACAE370267C708F00CD54B5 /* podcastTests.swift */ = {isa = PBXFileReference; lastKnownFileType = sourcecode.swift; path = podcastTests.swift; sourceTree = "<group>"; };
		0ACAE372267C708F00CD54B5 /* Info.plist */ = {isa = PBXFileReference; lastKnownFileType = text.plist.xml; path = Info.plist; sourceTree = "<group>"; };
		0ACAE377267C708F00CD54B5 /* podcastUITests.xctest */ = {isa = PBXFileReference; explicitFileType = wrapper.cfbundle; includeInIndex = 0; path = podcastUITests.xctest; sourceTree = BUILT_PRODUCTS_DIR; };
		0ACAE37B267C708F00CD54B5 /* podcastUITests.swift */ = {isa = PBXFileReference; lastKnownFileType = sourcecode.swift; path = podcastUITests.swift; sourceTree = "<group>"; };
		0ACAE37D267C708F00CD54B5 /* Info.plist */ = {isa = PBXFileReference; lastKnownFileType = text.plist.xml; path = Info.plist; sourceTree = "<group>"; };
/* End PBXFileReference section */

/* Begin PBXFrameworksBuildPhase section */
		0ACAE353267C708E00CD54B5 /* Frameworks */ = {
			isa = PBXFrameworksBuildPhase;
			buildActionMask = 2147483647;
			files = (
			);
			runOnlyForDeploymentPostprocessing = 0;
		};
		0ACAE369267C708F00CD54B5 /* Frameworks */ = {
			isa = PBXFrameworksBuildPhase;
			buildActionMask = 2147483647;
			files = (
			);
			runOnlyForDeploymentPostprocessing = 0;
		};
		0ACAE374267C708F00CD54B5 /* Frameworks */ = {
			isa = PBXFrameworksBuildPhase;
			buildActionMask = 2147483647;
			files = (
			);
			runOnlyForDeploymentPostprocessing = 0;
		};
/* End PBXFrameworksBuildPhase section */

/* Begin PBXGroup section */
		0ACAE34D267C708E00CD54B5 = {
			isa = PBXGroup;
			children = (
				0ACAE358267C708E00CD54B5 /* podcast */,
				0ACAE36F267C708F00CD54B5 /* podcastTests */,
				0ACAE37A267C708F00CD54B5 /* podcastUITests */,
				0ACAE357267C708E00CD54B5 /* Products */,
			);
			sourceTree = "<group>";
		};
		0ACAE357267C708E00CD54B5 /* Products */ = {
			isa = PBXGroup;
			children = (
				0ACAE356267C708E00CD54B5 /* podcast.app */,
				0ACAE36C267C708F00CD54B5 /* podcastTests.xctest */,
				0ACAE377267C708F00CD54B5 /* podcastUITests.xctest */,
			);
			name = Products;
			sourceTree = "<group>";
		};
		0ACAE358267C708E00CD54B5 /* podcast */ = {
			isa = PBXGroup;
			children = (
				0ACAE359267C708E00CD54B5 /* AppDelegate.swift */,
				0ACAE35B267C708E00CD54B5 /* SceneDelegate.swift */,
				0ACAE35D267C708E00CD54B5 /* ViewController.swift */,
				0ACAE35F267C708E00CD54B5 /* Main.storyboard */,
				0ACAE362267C708F00CD54B5 /* Assets.xcassets */,
				0ACAE364267C708F00CD54B5 /* LaunchScreen.storyboard */,
				0ACAE367267C708F00CD54B5 /* Info.plist */,
			);
			path = podcast;
			sourceTree = "<group>";
		};
		0ACAE36F267C708F00CD54B5 /* podcastTests */ = {
			isa = PBXGroup;
			children = (
				0ACAE370267C708F00CD54B5 /* podcastTests.swift */,
				0ACAE372267C708F00CD54B5 /* Info.plist */,
			);
			path = podcastTests;
			sourceTree = "<group>";
		};
		0ACAE37A267C708F00CD54B5 /* podcastUITests */ = {
			isa = PBXGroup;
			children = (
				0ACAE37B267C708F00CD54B5 /* podcastUITests.swift */,
				0ACAE37D267C708F00CD54B5 /* Info.plist */,
			);
			path = podcastUITests;
			sourceTree = "<group>";
		};
/* End PBXGroup section */

/* Begin PBXNativeTarget section */
		0ACAE355267C708E00CD54B5 /* podcast */ = {
			isa = PBXNativeTarget;
			buildConfigurationList = 0ACAE380267C708F00CD54B5 /* Build configuration list for PBXNativeTarget "podcast" */;
			buildPhases = (
				0ACAE352267C708E00CD54B5 /* Sources */,
				0ACAE353267C708E00CD54B5 /* Frameworks */,
				0ACAE354267C708E00CD54B5 /* Resources */,
			);
			buildRules = (
			);
			dependencies = (
			);
			name = podcast;
			productName = podcast;
			productReference = 0ACAE356267C708E00CD54B5 /* podcast.app */;
			productType = "com.apple.product-type.application";
		};
		0ACAE36B267C708F00CD54B5 /* podcastTests */ = {
			isa = PBXNativeTarget;
			buildConfigurationList = 0ACAE383267C708F00CD54B5 /* Build configuration list for PBXNativeTarget "podcastTests" */;
			buildPhases = (
				0ACAE368267C708F00CD54B5 /* Sources */,
				0ACAE369267C708F00CD54B5 /* Frameworks */,
				0ACAE36A267C708F00CD54B5 /* Resources */,
			);
			buildRules = (
			);
			dependencies = (
				0ACAE36E267C708F00CD54B5 /* PBXTargetDependency */,
			);
			name = podcastTests;
			productName = podcastTests;
			productReference = 0ACAE36C267C708F00CD54B5 /* podcastTests.xctest */;
			productType = "com.apple.product-type.bundle.unit-test";
		};
		0ACAE376267C708F00CD54B5 /* podcastUITests */ = {
			isa = PBXNativeTarget;
			buildConfigurationList = 0ACAE386267C708F00CD54B5 /* Build configuration list for PBXNativeTarget "podcastUITests" */;
			buildPhases = (
				0ACAE373267C708F00CD54B5 /* Sources */,
				0ACAE374267C708F00CD54B5 /* Frameworks */,
				0ACAE375267C708F00CD54B5 /* Resources */,
			);
			buildRules = (
			);
			dependencies = (
				0ACAE379267C708F00CD54B5 /* PBXTargetDependency */,
			);
			name = podcastUITests;
			productName = podcastUITests;
			productReference = 0ACAE377267C708F00CD54B5 /* podcastUITests.xctest */;
			productType = "com.apple.product-type.bundle.ui-testing";
		};
/* End PBXNativeTarget section */

/* Begin PBXProject section */
		0ACAE34E267C708E00CD54B5 /* Project object */ = {
			isa = PBXProject;
			attributes = {
				LastSwiftUpdateCheck = 1250;
				LastUpgradeCheck = 1250;
				TargetAttributes = {
					0ACAE355267C708E00CD54B5 = {
						CreatedOnToolsVersion = 12.5;
					};
					0ACAE36B267C708F00CD54B5 = {
						CreatedOnToolsVersion = 12.5;
						TestTargetID = 0ACAE355267C708E00CD54B5;
					};
					0ACAE376267C708F00CD54B5 = {
						CreatedOnToolsVersion = 12.5;
						TestTargetID = 0ACAE355267C708E00CD54B5;
					};
				};
			};
			buildConfigurationList = 0ACAE351267C708E00CD54B5 /* Build configuration list for PBXProject "podcast" */;
			compatibilityVersion = "Xcode 9.3";
			developmentRegion = en;
			hasScannedForEncodings = 0;
			knownRegions = (
				en,
				Base,
			);
			mainGroup = 0ACAE34D267C708E00CD54B5;
			productRefGroup = 0ACAE357267C708E00CD54B5 /* Products */;
			projectDirPath = "";
			projectRoot = "";
			targets = (
				0ACAE355267C708E00CD54B5 /* podcast */,
				0ACAE36B267C708F00CD54B5 /* podcastTests */,
				0ACAE376267C708F00CD54B5 /* podcastUITests */,
			);
		};
/* End PBXProject section */

/* Begin PBXResourcesBuildPhase section */
		0ACAE354267C708E00CD54B5 /* Resources */ = {
			isa = PBXResourcesBuildPhase;
			buildActionMask = 2147483647;
			files = (
				0ACAE366267C708F00CD54B5 /* LaunchScreen.storyboard in Resources */,
				0ACAE363267C708F00CD54B5 /* Assets.xcassets in Resources */,
				0ACAE361267C708E00CD54B5 /* Main.storyboard in Resources */,
			);
			runOnlyForDeploymentPostprocessing = 0;
		};
		0ACAE36A267C708F00CD54B5 /* Resources */ = {
			isa = PBXResourcesBuildPhase;
			buildActionMask = 2147483647;
			files = (
			);
			runOnlyForDeploymentPostprocessing = 0;
		};
		0ACAE375267C708F00CD54B5 /* Resources */ = {
			isa = PBXResourcesBuildPhase;
			buildActionMask = 2147483647;
			files = (
			);
			runOnlyForDeploymentPostprocessing = 0;
		};
/* End PBXResourcesBuildPhase section */

/* Begin PBXSourcesBuildPhase section */
		0ACAE352267C708E00CD54B5 /* Sources */ = {
			isa = PBXSourcesBuildPhase;
			buildActionMask = 2147483647;
			files = (
				0ACAE35E267C708E00CD54B5 /* ViewController.swift in Sources */,
				0ACAE35A267C708E00CD54B5 /* AppDelegate.swift in Sources */,
				0ACAE35C267C708E00CD54B5 /* SceneDelegate.swift in Sources */,
			);
			runOnlyForDeploymentPostprocessing = 0;
		};
		0ACAE368267C708F00CD54B5 /* Sources */ = {
			isa = PBXSourcesBuildPhase;
			buildActionMask = 2147483647;
			files = (
				0ACAE371267C708F00CD54B5 /* podcastTests.swift in Sources */,
			);
			runOnlyForDeploymentPostprocessing = 0;
		};
		0ACAE373267C708F00CD54B5 /* Sources */ = {
			isa = PBXSourcesBuildPhase;
			buildActionMask = 2147483647;
			files = (
				0ACAE37C267C708F00CD54B5 /* podcastUITests.swift in Sources */,
			);
			runOnlyForDeploymentPostprocessing = 0;
		};
/* End PBXSourcesBuildPhase section */

/* Begin PBXTargetDependency section */
		0ACAE36E267C708F00CD54B5 /* PBXTargetDependency */ = {
			isa = PBXTargetDependency;
			target = 0ACAE355267C708E00CD54B5 /* podcast */;
			targetProxy = 0ACAE36D267C708F00CD54B5 /* PBXContainerItemProxy */;
		};
		0ACAE379267C708F00CD54B5 /* PBXTargetDependency */ = {
			isa = PBXTargetDependency;
			target = 0ACAE355267C708E00CD54B5 /* podcast */;
			targetProxy = 0ACAE378267C708F00CD54B5 /* PBXContainerItemProxy */;
		};
/* End PBXTargetDependency section */

/* Begin PBXVariantGroup section */
		0ACAE35F267C708E00CD54B5 /* Main.storyboard */ = {
			isa = PBXVariantGroup;
			children = (
				0ACAE360267C708E00CD54B5 /* Base */,
			);
			name = Main.storyboard;
			sourceTree = "<group>";
		};
		0ACAE364267C708F00CD54B5 /* LaunchScreen.storyboard */ = {
			isa = PBXVariantGroup;
			children = (
				0ACAE365267C708F00CD54B5 /* Base */,
			);
			name = LaunchScreen.storyboard;
			sourceTree = "<group>";
		};
/* End PBXVariantGroup section */

/* Begin XCBuildConfiguration section */
		0ACAE37E267C708F00CD54B5 /* Debug */ = {
			isa = XCBuildConfiguration;
			buildSettings = {
				ALWAYS_SEARCH_USER_PATHS = NO;
				CLANG_ANALYZER_NONNULL = YES;
				CLANG_ANALYZER_NUMBER_OBJECT_CONVERSION = YES_AGGRESSIVE;
				CLANG_CXX_LANGUAGE_STANDARD = "gnu++14";
				CLANG_CXX_LIBRARY = "libc++";
				CLANG_ENABLE_MODULES = YES;
				CLANG_ENABLE_OBJC_ARC = YES;
				CLANG_ENABLE_OBJC_WEAK = YES;
				CLANG_WARN_BLOCK_CAPTURE_AUTORELEASING = YES;
				CLANG_WARN_BOOL_CONVERSION = YES;
				CLANG_WARN_COMMA = YES;
				CLANG_WARN_CONSTANT_CONVERSION = YES;
				CLANG_WARN_DEPRECATED_OBJC_IMPLEMENTATIONS = YES;
				CLANG_WARN_DIRECT_OBJC_ISA_USAGE = YES_ERROR;
				CLANG_WARN_DOCUMENTATION_COMMENTS = YES;
				CLANG_WARN_EMPTY_BODY = YES;
				CLANG_WARN_ENUM_CONVERSION = YES;
				CLANG_WARN_INFINITE_RECURSION = YES;
				CLANG_WARN_INT_CONVERSION = YES;
				CLANG_WARN_NON_LITERAL_NULL_CONVERSION = YES;
				CLANG_WARN_OBJC_IMPLICIT_RETAIN_SELF = YES;
				CLANG_WARN_OBJC_LITERAL_CONVERSION = YES;
				CLANG_WARN_OBJC_ROOT_CLASS = YES_ERROR;
				CLANG_WARN_QUOTED_INCLUDE_IN_FRAMEWORK_HEADER = YES;
				CLANG_WARN_RANGE_LOOP_ANALYSIS = YES;
				CLANG_WARN_STRICT_PROTOTYPES = YES;
				CLANG_WARN_SUSPICIOUS_MOVE = YES;
				CLANG_WARN_UNGUARDED_AVAILABILITY = YES_AGGRESSIVE;
				CLANG_WARN_UNREACHABLE_CODE = YES;
				CLANG_WARN__DUPLICATE_METHOD_MATCH = YES;
				COPY_PHASE_STRIP = NO;
				DEBUG_INFORMATION_FORMAT = dwarf;
				ENABLE_STRICT_OBJC_MSGSEND = YES;
				ENABLE_TESTABILITY = YES;
				GCC_C_LANGUAGE_STANDARD = gnu11;
				GCC_DYNAMIC_NO_PIC = NO;
				GCC_NO_COMMON_BLOCKS = YES;
				GCC_OPTIMIZATION_LEVEL = 0;
				GCC_PREPROCESSOR_DEFINITIONS = (
					"DEBUG=1",
					"$(inherited)",
				);
				GCC_WARN_64_TO_32_BIT_CONVERSION = YES;
				GCC_WARN_ABOUT_RETURN_TYPE = YES_ERROR;
				GCC_WARN_UNDECLARED_SELECTOR = YES;
				GCC_WARN_UNINITIALIZED_AUTOS = YES_AGGRESSIVE;
				GCC_WARN_UNUSED_FUNCTION = YES;
				GCC_WARN_UNUSED_VARIABLE = YES;
				IPHONEOS_DEPLOYMENT_TARGET = 14.5;
				MTL_ENABLE_DEBUG_INFO = INCLUDE_SOURCE;
				MTL_FAST_MATH = YES;
				ONLY_ACTIVE_ARCH = YES;
				SDKROOT = iphoneos;
				SWIFT_ACTIVE_COMPILATION_CONDITIONS = DEBUG;
				SWIFT_OPTIMIZATION_LEVEL = "-Onone";
			};
			name = Debug;
		};
		0ACAE37F267C708F00CD54B5 /* Release */ = {
			isa = XCBuildConfiguration;
			buildSettings = {
				ALWAYS_SEARCH_USER_PATHS = NO;
				CLANG_ANALYZER_NONNULL = YES;
				CLANG_ANALYZER_NUMBER_OBJECT_CONVERSION = YES_AGGRESSIVE;
				CLANG_CXX_LANGUAGE_STANDARD = "gnu++14";
				CLANG_CXX_LIBRARY = "libc++";
				CLANG_ENABLE_MODULES = YES;
				CLANG_ENABLE_OBJC_ARC = YES;
				CLANG_ENABLE_OBJC_WEAK = YES;
				CLANG_WARN_BLOCK_CAPTURE_AUTORELEASING = YES;
				CLANG_WARN_BOOL_CONVERSION = YES;
				CLANG_WARN_COMMA = YES;
				CLANG_WARN_CONSTANT_CONVERSION = YES;
				CLANG_WARN_DEPRECATED_OBJC_IMPLEMENTATIONS = YES;
				CLANG_WARN_DIRECT_OBJC_ISA_USAGE = YES_ERROR;
				CLANG_WARN_DOCUMENTATION_COMMENTS = YES;
				CLANG_WARN_EMPTY_BODY = YES;
				CLANG_WARN_ENUM_CONVERSION = YES;
				CLANG_WARN_INFINITE_RECURSION = YES;
				CLANG_WARN_INT_CONVERSION = YES;
				CLANG_WARN_NON_LITERAL_NULL_CONVERSION = YES;
				CLANG_WARN_OBJC_IMPLICIT_RETAIN_SELF = YES;
				CLANG_WARN_OBJC_LITERAL_CONVERSION = YES;
				CLANG_WARN_OBJC_ROOT_CLASS = YES_ERROR;
				CLANG_WARN_QUOTED_INCLUDE_IN_FRAMEWORK_HEADER = YES;
				CLANG_WARN_RANGE_LOOP_ANALYSIS = YES;
				CLANG_WARN_STRICT_PROTOTYPES = YES;
				CLANG_WARN_SUSPICIOUS_MOVE = YES;
				CLANG_WARN_UNGUARDED_AVAILABILITY = YES_AGGRESSIVE;
				CLANG_WARN_UNREACHABLE_CODE = YES;
				CLANG_WARN__DUPLICATE_METHOD_MATCH = YES;
				COPY_PHASE_STRIP = NO;
				DEBUG_INFORMATION_FORMAT = "dwarf-with-dsym";
				ENABLE_NS_ASSERTIONS = NO;
				ENABLE_STRICT_OBJC_MSGSEND = YES;
				GCC_C_LANGUAGE_STANDARD = gnu11;
				GCC_NO_COMMON_BLOCKS = YES;
				GCC_WARN_64_TO_32_BIT_CONVERSION = YES;
				GCC_WARN_ABOUT_RETURN_TYPE = YES_ERROR;
				GCC_WARN_UNDECLARED_SELECTOR = YES;
				GCC_WARN_UNINITIALIZED_AUTOS = YES_AGGRESSIVE;
				GCC_WARN_UNUSED_FUNCTION = YES;
				GCC_WARN_UNUSED_VARIABLE = YES;
				IPHONEOS_DEPLOYMENT_TARGET = 14.5;
				MTL_ENABLE_DEBUG_INFO = NO;
				MTL_FAST_MATH = YES;
				SDKROOT = iphoneos;
				SWIFT_COMPILATION_MODE = wholemodule;
				SWIFT_OPTIMIZATION_LEVEL = "-O";
				VALIDATE_PRODUCT = YES;
			};
			name = Release;
		};
		0ACAE381267C708F00CD54B5 /* Debug */ = {
			isa = XCBuildConfiguration;
			buildSettings = {
				ASSETCATALOG_COMPILER_APPICON_NAME = AppIcon;
				ASSETCATALOG_COMPILER_GLOBAL_ACCENT_COLOR_NAME = AccentColor;
				CODE_SIGN_STYLE = Automatic;
				INFOPLIST_FILE = podcast/Info.plist;
				LD_RUNPATH_SEARCH_PATHS = (
					"$(inherited)",
					"@executable_path/Frameworks",
				);
				PRODUCT_BUNDLE_IDENTIFIER = dmitry.podcast;
				PRODUCT_NAME = "$(TARGET_NAME)";
				SWIFT_VERSION = 5.0;
				TARGETED_DEVICE_FAMILY = "1,2";
			};
			name = Debug;
		};
		0ACAE382267C708F00CD54B5 /* Release */ = {
			isa = XCBuildConfiguration;
			buildSettings = {
				ASSETCATALOG_COMPILER_APPICON_NAME = AppIcon;
				ASSETCATALOG_COMPILER_GLOBAL_ACCENT_COLOR_NAME = AccentColor;
				CODE_SIGN_STYLE = Automatic;
				INFOPLIST_FILE = podcast/Info.plist;
				LD_RUNPATH_SEARCH_PATHS = (
					"$(inherited)",
					"@executable_path/Frameworks",
				);
				PRODUCT_BUNDLE_IDENTIFIER = dmitry.podcast;
				PRODUCT_NAME = "$(TARGET_NAME)";
				SWIFT_VERSION = 5.0;
				TARGETED_DEVICE_FAMILY = "1,2";
			};
			name = Release;
		};
		0ACAE384267C708F00CD54B5 /* Debug */ = {
			isa = XCBuildConfiguration;
			buildSettings = {
				ALWAYS_EMBED_SWIFT_STANDARD_LIBRARIES = YES;
				BUNDLE_LOADER = "$(TEST_HOST)";
				CODE_SIGN_STYLE = Automatic;
				INFOPLIST_FILE = podcastTests/Info.plist;
				IPHONEOS_DEPLOYMENT_TARGET = 14.5;
				LD_RUNPATH_SEARCH_PATHS = (
					"$(inherited)",
					"@executable_path/Frameworks",
					"@loader_path/Frameworks",
				);
				PRODUCT_BUNDLE_IDENTIFIER = dmitry.podcastTests;
				PRODUCT_NAME = "$(TARGET_NAME)";
				SWIFT_VERSION = 5.0;
				TARGETED_DEVICE_FAMILY = "1,2";
				TEST_HOST = "$(BUILT_PRODUCTS_DIR)/podcast.app/podcast";
			};
			name = Debug;
		};
		0ACAE385267C708F00CD54B5 /* Release */ = {
			isa = XCBuildConfiguration;
			buildSettings = {
				ALWAYS_EMBED_SWIFT_STANDARD_LIBRARIES = YES;
				BUNDLE_LOADER = "$(TEST_HOST)";
				CODE_SIGN_STYLE = Automatic;
				INFOPLIST_FILE = podcastTests/Info.plist;
				IPHONEOS_DEPLOYMENT_TARGET = 14.5;
				LD_RUNPATH_SEARCH_PATHS = (
					"$(inherited)",
					"@executable_path/Frameworks",
					"@loader_path/Frameworks",
				);
				PRODUCT_BUNDLE_IDENTIFIER = dmitry.podcastTests;
				PRODUCT_NAME = "$(TARGET_NAME)";
				SWIFT_VERSION = 5.0;
				TARGETED_DEVICE_FAMILY = "1,2";
				TEST_HOST = "$(BUILT_PRODUCTS_DIR)/podcast.app/podcast";
			};
			name = Release;
		};
		0ACAE387267C708F00CD54B5 /* Debug */ = {
			isa = XCBuildConfiguration;
			buildSettings = {
				ALWAYS_EMBED_SWIFT_STANDARD_LIBRARIES = YES;
				CODE_SIGN_STYLE = Automatic;
				INFOPLIST_FILE = podcastUITests/Info.plist;
				LD_RUNPATH_SEARCH_PATHS = (
					"$(inherited)",
					"@executable_path/Frameworks",
					"@loader_path/Frameworks",
				);
				PRODUCT_BUNDLE_IDENTIFIER = dmitry.podcastUITests;
				PRODUCT_NAME = "$(TARGET_NAME)";
				SWIFT_VERSION = 5.0;
				TARGETED_DEVICE_FAMILY = "1,2";
				TEST_TARGET_NAME = podcast;
			};
			name = Debug;
		};
		0ACAE388267C708F00CD54B5 /* Release */ = {
			isa = XCBuildConfiguration;
			buildSettings = {
				ALWAYS_EMBED_SWIFT_STANDARD_LIBRARIES = YES;
				CODE_SIGN_STYLE = Automatic;
				INFOPLIST_FILE = podcastUITests/Info.plist;
				LD_RUNPATH_SEARCH_PATHS = (
					"$(inherited)",
					"@executable_path/Frameworks",
					"@loader_path/Frameworks",
				);
				PRODUCT_BUNDLE_IDENTIFIER = dmitry.podcastUITests;
				PRODUCT_NAME = "$(TARGET_NAME)";
				SWIFT_VERSION = 5.0;
				TARGETED_DEVICE_FAMILY = "1,2";
				TEST_TARGET_NAME = podcast;
			};
			name = Release;
		};
/* End XCBuildConfiguration section */

/* Begin XCConfigurationList section */
		0ACAE351267C708E00CD54B5 /* Build configuration list for PBXProject "podcast" */ = {
			isa = XCConfigurationList;
			buildConfigurations = (
				0ACAE37E267C708F00CD54B5 /* Debug */,
				0ACAE37F267C708F00CD54B5 /* Release */,
			);
			defaultConfigurationIsVisible = 0;
			defaultConfigurationName = Release;
		};
		0ACAE380267C708F00CD54B5 /* Build configuration list for PBXNativeTarget "podcast" */ = {
			isa = XCConfigurationList;
			buildConfigurations = (
				0ACAE381267C708F00CD54B5 /* Debug */,
				0ACAE382267C708F00CD54B5 /* Release */,
			);
			defaultConfigurationIsVisible = 0;
			defaultConfigurationName = Release;
		};
		0ACAE383267C708F00CD54B5 /* Build configuration list for PBXNativeTarget "podcastTests" */ = {
			isa = XCConfigurationList;
			buildConfigurations = (
				0ACAE384267C708F00CD54B5 /* Debug */,
				0ACAE385267C708F00CD54B5 /* Release */,
			);
			defaultConfigurationIsVisible = 0;
			defaultConfigurationName = Release;
		};
		0ACAE386267C708F00CD54B5 /* Build configuration list for PBXNativeTarget "podcastUITests" */ = {
			isa = XCConfigurationList;
			buildConfigurations = (
				0ACAE387267C708F00CD54B5 /* Debug */,
				0ACAE388267C708F00CD54B5 /* Release */,
			);
			defaultConfigurationIsVisible = 0;
			defaultConfigurationName = Release;
		};
/* End XCConfigurationList section */
	};
	rootObject = 0ACAE34E267C708E00CD54B5 /* Project object */;
}
